// !$*UTF8*$!
{
	archiveVersion = 1;
	classes = {
	};
	objectVersion = 46;
	objects = {

/* Begin PBXBuildFile section */
		5B4A40FB1B4575CA001A6AEA /* AppDelegate.swift in Sources */ = {isa = PBXBuildFile; fileRef = 5B4A40FA1B4575CA001A6AEA /* AppDelegate.swift */; };
		5B4A40FD1B4575CA001A6AEA /* ViewController.swift in Sources */ = {isa = PBXBuildFile; fileRef = 5B4A40FC1B4575CA001A6AEA /* ViewController.swift */; };
		5B4A41001B4575CA001A6AEA /* Main.storyboard in Resources */ = {isa = PBXBuildFile; fileRef = 5B4A40FE1B4575CA001A6AEA /* Main.storyboard */; };
		5B4A41021B4575CA001A6AEA /* Images.xcassets in Resources */ = {isa = PBXBuildFile; fileRef = 5B4A41011B4575CA001A6AEA /* Images.xcassets */; };
		5B4A41051B4575CA001A6AEA /* LaunchScreen.xib in Resources */ = {isa = PBXBuildFile; fileRef = 5B4A41031B4575CA001A6AEA /* LaunchScreen.xib */; };
		5B4A41111B4575CA001A6AEA /* MoneyTests.swift in Sources */ = {isa = PBXBuildFile; fileRef = 5B4A41101B4575CA001A6AEA /* MoneyTests.swift */; };
		5B4A411E1B457AEF001A6AEA /* Fabric.framework in Frameworks */ = {isa = PBXBuildFile; fileRef = 5B4A411B1B457AEF001A6AEA /* Fabric.framework */; };
		5B4A411F1B457AEF001A6AEA /* MoPub.framework in Frameworks */ = {isa = PBXBuildFile; fileRef = 5B4A411C1B457AEF001A6AEA /* MoPub.framework */; };
		5B4A41201B457AEF001A6AEA /* MoPub.bundle in Resources */ = {isa = PBXBuildFile; fileRef = 5B4A411D1B457AEF001A6AEA /* MoPub.bundle */; };
/* End PBXBuildFile section */

/* Begin PBXContainerItemProxy section */
		5B4A410B1B4575CA001A6AEA /* PBXContainerItemProxy */ = {
			isa = PBXContainerItemProxy;
			containerPortal = 5B4A40ED1B4575CA001A6AEA /* Project object */;
			proxyType = 1;
			remoteGlobalIDString = 5B4A40F41B4575CA001A6AEA;
			remoteInfo = Money;
		};
/* End PBXContainerItemProxy section */

/* Begin PBXFileReference section */
		5B4A40F51B4575CA001A6AEA /* Money.app */ = {isa = PBXFileReference; explicitFileType = wrapper.application; includeInIndex = 0; path = Money.app; sourceTree = BUILT_PRODUCTS_DIR; };
		5B4A40F91B4575CA001A6AEA /* Info.plist */ = {isa = PBXFileReference; lastKnownFileType = text.plist.xml; path = Info.plist; sourceTree = "<group>"; };
		5B4A40FA1B4575CA001A6AEA /* AppDelegate.swift */ = {isa = PBXFileReference; lastKnownFileType = sourcecode.swift; path = AppDelegate.swift; sourceTree = "<group>"; };
		5B4A40FC1B4575CA001A6AEA /* ViewController.swift */ = {isa = PBXFileReference; lastKnownFileType = sourcecode.swift; path = ViewController.swift; sourceTree = "<group>"; };
		5B4A40FF1B4575CA001A6AEA /* Base */ = {isa = PBXFileReference; lastKnownFileType = file.storyboard; name = Base; path = Base.lproj/Main.storyboard; sourceTree = "<group>"; };
		5B4A41011B4575CA001A6AEA /* Images.xcassets */ = {isa = PBXFileReference; lastKnownFileType = folder.assetcatalog; path = Images.xcassets; sourceTree = "<group>"; };
		5B4A41041B4575CA001A6AEA /* Base */ = {isa = PBXFileReference; lastKnownFileType = file.xib; name = Base; path = Base.lproj/LaunchScreen.xib; sourceTree = "<group>"; };
		5B4A410A1B4575CA001A6AEA /* MoneyTests.xctest */ = {isa = PBXFileReference; explicitFileType = wrapper.cfbundle; includeInIndex = 0; path = MoneyTests.xctest; sourceTree = BUILT_PRODUCTS_DIR; };
		5B4A410F1B4575CA001A6AEA /* Info.plist */ = {isa = PBXFileReference; lastKnownFileType = text.plist.xml; path = Info.plist; sourceTree = "<group>"; };
		5B4A41101B4575CA001A6AEA /* MoneyTests.swift */ = {isa = PBXFileReference; lastKnownFileType = sourcecode.swift; path = MoneyTests.swift; sourceTree = "<group>"; };
		5B4A411B1B457AEF001A6AEA /* Fabric.framework */ = {isa = PBXFileReference; lastKnownFileType = wrapper.framework; path = Fabric.framework; sourceTree = "<group>"; };
		5B4A411C1B457AEF001A6AEA /* MoPub.framework */ = {isa = PBXFileReference; lastKnownFileType = wrapper.framework; path = MoPub.framework; sourceTree = "<group>"; };
		5B4A411D1B457AEF001A6AEA /* MoPub.bundle */ = {isa = PBXFileReference; lastKnownFileType = "wrapper.plug-in"; name = MoPub.bundle; path = MoPub.framework/Versions/A/Resources/MoPub.bundle; sourceTree = "<group>"; };
/* End PBXFileReference section */

/* Begin PBXFrameworksBuildPhase section */
		5B4A40F21B4575CA001A6AEA /* Frameworks */ = {
			isa = PBXFrameworksBuildPhase;
			buildActionMask = 2147483647;
			files = (
				5B4A411F1B457AEF001A6AEA /* MoPub.framework in Frameworks */,
				5B4A411E1B457AEF001A6AEA /* Fabric.framework in Frameworks */,
			);
			runOnlyForDeploymentPostprocessing = 0;
		};
		5B4A41071B4575CA001A6AEA /* Frameworks */ = {
			isa = PBXFrameworksBuildPhase;
			buildActionMask = 2147483647;
			files = (
			);
			runOnlyForDeploymentPostprocessing = 0;
		};
/* End PBXFrameworksBuildPhase section */

/* Begin PBXGroup section */
		5B4A40EC1B4575CA001A6AEA = {
			isa = PBXGroup;
			children = (
				5B4A411B1B457AEF001A6AEA /* Fabric.framework */,
				5B4A411C1B457AEF001A6AEA /* MoPub.framework */,
				5B4A411D1B457AEF001A6AEA /* MoPub.bundle */,
				5B4A40F71B4575CA001A6AEA /* Money */,
				5B4A410D1B4575CA001A6AEA /* MoneyTests */,
				5B4A40F61B4575CA001A6AEA /* Products */,
			);
			sourceTree = "<group>";
		};
		5B4A40F61B4575CA001A6AEA /* Products */ = {
			isa = PBXGroup;
			children = (
				5B4A40F51B4575CA001A6AEA /* Money.app */,
				5B4A410A1B4575CA001A6AEA /* MoneyTests.xctest */,
			);
			name = Products;
			sourceTree = "<group>";
		};
		5B4A40F71B4575CA001A6AEA /* Money */ = {
			isa = PBXGroup;
			children = (
				5B4A40FA1B4575CA001A6AEA /* AppDelegate.swift */,
				5B4A40FC1B4575CA001A6AEA /* ViewController.swift */,
				5B4A40FE1B4575CA001A6AEA /* Main.storyboard */,
				5B4A41011B4575CA001A6AEA /* Images.xcassets */,
				5B4A41031B4575CA001A6AEA /* LaunchScreen.xib */,
				5B4A40F81B4575CA001A6AEA /* Supporting Files */,
			);
			path = Money;
			sourceTree = "<group>";
		};
		5B4A40F81B4575CA001A6AEA /* Supporting Files */ = {
			isa = PBXGroup;
			children = (
				5B4A40F91B4575CA001A6AEA /* Info.plist */,
			);
			name = "Supporting Files";
			sourceTree = "<group>";
		};
		5B4A410D1B4575CA001A6AEA /* MoneyTests */ = {
			isa = PBXGroup;
			children = (
				5B4A41101B4575CA001A6AEA /* MoneyTests.swift */,
				5B4A410E1B4575CA001A6AEA /* Supporting Files */,
			);
			path = MoneyTests;
			sourceTree = "<group>";
		};
		5B4A410E1B4575CA001A6AEA /* Supporting Files */ = {
			isa = PBXGroup;
			children = (
				5B4A410F1B4575CA001A6AEA /* Info.plist */,
			);
			name = "Supporting Files";
			sourceTree = "<group>";
		};
/* End PBXGroup section */

/* Begin PBXNativeTarget section */
		5B4A40F41B4575CA001A6AEA /* Money */ = {
			isa = PBXNativeTarget;
			buildConfigurationList = 5B4A41141B4575CA001A6AEA /* Build configuration list for PBXNativeTarget "Money" */;
			buildPhases = (
				5B4A40F11B4575CA001A6AEA /* Sources */,
				5B4A40F21B4575CA001A6AEA /* Frameworks */,
				5B4A40F31B4575CA001A6AEA /* Resources */,
				5B4A411A1B457AD6001A6AEA /* ShellScript */,
			);
			buildRules = (
			);
			dependencies = (
			);
			name = Money;
			productName = Money;
			productReference = 5B4A40F51B4575CA001A6AEA /* Money.app */;
			productType = "com.apple.product-type.application";
		};
		5B4A41091B4575CA001A6AEA /* MoneyTests */ = {
			isa = PBXNativeTarget;
			buildConfigurationList = 5B4A41171B4575CA001A6AEA /* Build configuration list for PBXNativeTarget "MoneyTests" */;
			buildPhases = (
				5B4A41061B4575CA001A6AEA /* Sources */,
				5B4A41071B4575CA001A6AEA /* Frameworks */,
				5B4A41081B4575CA001A6AEA /* Resources */,
			);
			buildRules = (
			);
			dependencies = (
				5B4A410C1B4575CA001A6AEA /* PBXTargetDependency */,
			);
			name = MoneyTests;
			productName = MoneyTests;
			productReference = 5B4A410A1B4575CA001A6AEA /* MoneyTests.xctest */;
			productType = "com.apple.product-type.bundle.unit-test";
		};
/* End PBXNativeTarget section */

/* Begin PBXProject section */
		5B4A40ED1B4575CA001A6AEA /* Project object */ = {
			isa = PBXProject;
			attributes = {
				LastUpgradeCheck = 0630;
				ORGANIZATIONNAME = "Reed Carson";
				TargetAttributes = {
					5B4A40F41B4575CA001A6AEA = {
						CreatedOnToolsVersion = 6.3.1;
					};
					5B4A41091B4575CA001A6AEA = {
						CreatedOnToolsVersion = 6.3.1;
						TestTargetID = 5B4A40F41B4575CA001A6AEA;
					};
				};
			};
			buildConfigurationList = 5B4A40F01B4575CA001A6AEA /* Build configuration list for PBXProject "Money" */;
			compatibilityVersion = "Xcode 3.2";
			developmentRegion = English;
			hasScannedForEncodings = 0;
			knownRegions = (
				en,
				Base,
			);
			mainGroup = 5B4A40EC1B4575CA001A6AEA;
			productRefGroup = 5B4A40F61B4575CA001A6AEA /* Products */;
			projectDirPath = "";
			projectRoot = "";
			targets = (
				5B4A40F41B4575CA001A6AEA /* Money */,
				5B4A41091B4575CA001A6AEA /* MoneyTests */,
			);
		};
/* End PBXProject section */

/* Begin PBXResourcesBuildPhase section */
		5B4A40F31B4575CA001A6AEA /* Resources */ = {
			isa = PBXResourcesBuildPhase;
			buildActionMask = 2147483647;
			files = (
				5B4A41001B4575CA001A6AEA /* Main.storyboard in Resources */,
				5B4A41051B4575CA001A6AEA /* LaunchScreen.xib in Resources */,
				5B4A41021B4575CA001A6AEA /* Images.xcassets in Resources */,
				5B4A41201B457AEF001A6AEA /* MoPub.bundle in Resources */,
			);
			runOnlyForDeploymentPostprocessing = 0;
		};
		5B4A41081B4575CA001A6AEA /* Resources */ = {
			isa = PBXResourcesBuildPhase;
			buildActionMask = 2147483647;
			files = (
			);
			runOnlyForDeploymentPostprocessing = 0;
		};
/* End PBXResourcesBuildPhase section */

/* Begin PBXShellScriptBuildPhase section */
		5B4A411A1B457AD6001A6AEA /* ShellScript */ = {
			isa = PBXShellScriptBuildPhase;
			buildActionMask = 2147483647;
			files = (
			);
			inputPaths = (
			);
			outputPaths = (
			);
			runOnlyForDeploymentPostprocessing = 0;
			shellPath = /bin/sh;
			shellScript = "./Fabric.framework/run 919c1dcc4c93b4fe1ee65e25b0c8eacae9997ac5 b8b7a2280e59a3daecfcc578afa66830fd2f15742de7c1ecc8ffdd0ebb41fbd9";
		};
/* End PBXShellScriptBuildPhase section */

/* Begin PBXSourcesBuildPhase section */
		5B4A40F11B4575CA001A6AEA /* Sources */ = {
			isa = PBXSourcesBuildPhase;
			buildActionMask = 2147483647;
			files = (
				5B4A40FD1B4575CA001A6AEA /* ViewController.swift in Sources */,
				5B4A40FB1B4575CA001A6AEA /* AppDelegate.swift in Sources */,
			);
			runOnlyForDeploymentPostprocessing = 0;
		};
		5B4A41061B4575CA001A6AEA /* Sources */ = {
			isa = PBXSourcesBuildPhase;
			buildActionMask = 2147483647;
			files = (
				5B4A41111B4575CA001A6AEA /* MoneyTests.swift in Sources */,
			);
			runOnlyForDeploymentPostprocessing = 0;
		};
/* End PBXSourcesBuildPhase section */

/* Begin PBXTargetDependency section */
		5B4A410C1B4575CA001A6AEA /* PBXTargetDependency */ = {
			isa = PBXTargetDependency;
			target = 5B4A40F41B4575CA001A6AEA /* Money */;
			targetProxy = 5B4A410B1B4575CA001A6AEA /* PBXContainerItemProxy */;
		};
/* End PBXTargetDependency section */

/* Begin PBXVariantGroup section */
		5B4A40FE1B4575CA001A6AEA /* Main.storyboard */ = {
			isa = PBXVariantGroup;
			children = (
				5B4A40FF1B4575CA001A6AEA /* Base */,
			);
			name = Main.storyboard;
			sourceTree = "<group>";
		};
		5B4A41031B4575CA001A6AEA /* LaunchScreen.xib */ = {
			isa = PBXVariantGroup;
			children = (
				5B4A41041B4575CA001A6AEA /* Base */,
			);
			name = LaunchScreen.xib;
			sourceTree = "<group>";
		};
/* End PBXVariantGroup section */

/* Begin XCBuildConfiguration section */
		5B4A41121B4575CA001A6AEA /* Debug */ = {
			isa = XCBuildConfiguration;
			buildSettings = {
				ALWAYS_SEARCH_USER_PATHS = NO;
				CLANG_CXX_LANGUAGE_STANDARD = "gnu++0x";
				CLANG_CXX_LIBRARY = "libc++";
				CLANG_ENABLE_MODULES = YES;
				CLANG_ENABLE_OBJC_ARC = YES;
				CLANG_WARN_BOOL_CONVERSION = YES;
				CLANG_WARN_CONSTANT_CONVERSION = YES;
				CLANG_WARN_DIRECT_OBJC_ISA_USAGE = YES_ERROR;
				CLANG_WARN_EMPTY_BODY = YES;
				CLANG_WARN_ENUM_CONVERSION = YES;
				CLANG_WARN_INT_CONVERSION = YES;
				CLANG_WARN_OBJC_ROOT_CLASS = YES_ERROR;
				CLANG_WARN_UNREACHABLE_CODE = YES;
				CLANG_WARN__DUPLICATE_METHOD_MATCH = YES;
				"CODE_SIGN_IDENTITY[sdk=iphoneos*]" = "iPhone Developer";
				COPY_PHASE_STRIP = NO;
				DEBUG_INFORMATION_FORMAT = "dwarf-with-dsym";
				ENABLE_STRICT_OBJC_MSGSEND = YES;
				GCC_C_LANGUAGE_STANDARD = gnu99;
				GCC_DYNAMIC_NO_PIC = NO;
				GCC_NO_COMMON_BLOCKS = YES;
				GCC_OPTIMIZATION_LEVEL = 0;
				GCC_PREPROCESSOR_DEFINITIONS = (
					"DEBUG=1",
					"$(inherited)",
				);
				GCC_SYMBOLS_PRIVATE_EXTERN = NO;
				GCC_WARN_64_TO_32_BIT_CONVERSION = YES;
				GCC_WARN_ABOUT_RETURN_TYPE = YES_ERROR;
				GCC_WARN_UNDECLARED_SELECTOR = YES;
				GCC_WARN_UNINITIALIZED_AUTOS = YES_AGGRESSIVE;
				GCC_WARN_UNUSED_FUNCTION = YES;
				GCC_WARN_UNUSED_VARIABLE = YES;
				IPHONEOS_DEPLOYMENT_TARGET = 8.3;
				MTL_ENABLE_DEBUG_INFO = YES;
				ONLY_ACTIVE_ARCH = YES;
				SDKROOT = iphoneos;
				SWIFT_OPTIMIZATION_LEVEL = "-Onone";
			};
			name = Debug;
		};
		5B4A41131B4575CA001A6AEA /* Release */ = {
			isa = XCBuildConfiguration;
			buildSettings = {
				ALWAYS_SEARCH_USER_PATHS = NO;
				CLANG_CXX_LANGUAGE_STANDARD = "gnu++0x";
				CLANG_CXX_LIBRARY = "libc++";
				CLANG_ENABLE_MODULES = YES;
				CLANG_ENABLE_OBJC_ARC = YES;
				CLANG_WARN_BOOL_CONVERSION = YES;
				CLANG_WARN_CONSTANT_CONVERSION = YES;
				CLANG_WARN_DIRECT_OBJC_ISA_USAGE = YES_ERROR;
				CLANG_WARN_EMPTY_BODY = YES;
				CLANG_WARN_ENUM_CONVERSION = YES;
				CLANG_WARN_INT_CONVERSION = YES;
				CLANG_WARN_OBJC_ROOT_CLASS = YES_ERROR;
				CLANG_WARN_UNREACHABLE_CODE = YES;
				CLANG_WARN__DUPLICATE_METHOD_MATCH = YES;
				"CODE_SIGN_IDENTITY[sdk=iphoneos*]" = "iPhone Developer";
				COPY_PHASE_STRIP = NO;
				DEBUG_INFORMATION_FORMAT = "dwarf-with-dsym";
				ENABLE_NS_ASSERTIONS = NO;
				ENABLE_STRICT_OBJC_MSGSEND = YES;
				GCC_C_LANGUAGE_STANDARD = gnu99;
				GCC_NO_COMMON_BLOCKS = YES;
				GCC_WARN_64_TO_32_BIT_CONVERSION = YES;
				GCC_WARN_ABOUT_RETURN_TYPE = YES_ERROR;
				GCC_WARN_UNDECLARED_SELECTOR = YES;
				GCC_WARN_UNINITIALIZED_AUTOS = YES_AGGRESSIVE;
				GCC_WARN_UNUSED_FUNCTION = YES;
				GCC_WARN_UNUSED_VARIABLE = YES;
				IPHONEOS_DEPLOYMENT_TARGET = 8.3;
				MTL_ENABLE_DEBUG_INFO = NO;
				SDKROOT = iphoneos;
				VALIDATE_PRODUCT = YES;
			};
			name = Release;
		};
		5B4A41151B4575CA001A6AEA /* Debug */ = {
			isa = XCBuildConfiguration;
			buildSettings = {
				ASSETCATALOG_COMPILER_APPICON_NAME = AppIcon;
				FRAMEWORK_SEARCH_PATHS = (
					"$(inherited)",
					"$(PROJECT_DIR)",
				);
				INFOPLIST_FILE = Money/Info.plist;
				LD_RUNPATH_SEARCH_PATHS = "$(inherited) @executable_path/Frameworks";
				PRODUCT_NAME = "$(TARGET_NAME)";
			};
			name = Debug;
		};
		5B4A41161B4575CA001A6AEA /* Release */ = {
			isa = XCBuildConfiguration;
			buildSettings = {
				ASSETCATALOG_COMPILER_APPICON_NAME = AppIcon;
				FRAMEWORK_SEARCH_PATHS = (
					"$(inherited)",
					"$(PROJECT_DIR)",
				);
				INFOPLIST_FILE = Money/Info.plist;
				LD_RUNPATH_SEARCH_PATHS = "$(inherited) @executable_path/Frameworks";
				PRODUCT_NAME = "$(TARGET_NAME)";
			};
			name = Release;
		};
		5B4A41181B4575CA001A6AEA /* Debug */ = {
			isa = XCBuildConfiguration;
			buildSettings = {
				BUNDLE_LOADER = "$(TEST_HOST)";
				FRAMEWORK_SEARCH_PATHS = (
					"$(SDKROOT)/Developer/Library/Frameworks",
					"$(inherited)",
				);
				GCC_PREPROCESSOR_DEFINITIONS = (
					"DEBUG=1",
					"$(inherited)",
				);
				INFOPLIST_FILE = MoneyTests/Info.plist;
				LD_RUNPATH_SEARCH_PATHS = "$(inherited) @executable_path/Frameworks @loader_path/Frameworks";
				PRODUCT_NAME = "$(TARGET_NAME)";
				TEST_HOST = "$(BUILT_PRODUCTS_DIR)/Money.app/Money";
			};
			name = Debug;
		};
		5B4A41191B4575CA001A6AEA /* Release */ = {
			isa = XCBuildConfiguration;
			buildSettings = {
				BUNDLE_LOADER = "$(TEST_HOST)";
				FRAMEWORK_SEARCH_PATHS = (
					"$(SDKROOT)/Developer/Library/Frameworks",
					"$(inherited)",
				);
				INFOPLIST_FILE = MoneyTests/Info.plist;
				LD_RUNPATH_SEARCH_PATHS = "$(inherited) @executable_path/Frameworks @loader_path/Frameworks";
				PRODUCT_NAME = "$(TARGET_NAME)";
				TEST_HOST = "$(BUILT_PRODUCTS_DIR)/Money.app/Money";
			};
			name = Release;
		};
/* End XCBuildConfiguration section */

/* Begin XCConfigurationList section */
		5B4A40F01B4575CA001A6AEA /* Build configuration list for PBXProject "Money" */ = {
			isa = XCConfigurationList;
			buildConfigurations = (
				5B4A41121B4575CA001A6AEA /* Debug */,
				5B4A41131B4575CA001A6AEA /* Release */,
			);
			defaultConfigurationIsVisible = 0;
			defaultConfigurationName = Release;
		};
		5B4A41141B4575CA001A6AEA /* Build configuration list for PBXNativeTarget "Money" */ = {
			isa = XCConfigurationList;
			buildConfigurations = (
				5B4A41151B4575CA001A6AEA /* Debug */,
				5B4A41161B4575CA001A6AEA /* Release */,
			);
			defaultConfigurationIsVisible = 0;
		};
		5B4A41171B4575CA001A6AEA /* Build configuration list for PBXNativeTarget "MoneyTests" */ = {
			isa = XCConfigurationList;
			buildConfigurations = (
				5B4A41181B4575CA001A6AEA /* Debug */,
				5B4A41191B4575CA001A6AEA /* Release */,
			);
			defaultConfigurationIsVisible = 0;
		};
/* End XCConfigurationList section */
	};
	rootObject = 5B4A40ED1B4575CA001A6AEA /* Project object */;
}
