// !$*UTF8*$!
{
	archiveVersion = 1;
	classes = {
	};
	objectVersion = 46;
	objects = {

/* Begin PBXBuildFile section */
		5BC388F81B25D2020097218E /* main.m in Sources */ = {isa = PBXBuildFile; fileRef = 5BC388F71B25D2020097218E /* main.m */; };
		5BC388FB1B25D2020097218E /* AppDelegate.m in Sources */ = {isa = PBXBuildFile; fileRef = 5BC388FA1B25D2020097218E /* AppDelegate.m */; };
		5BC388FE1B25D2020097218E /* GameScene.m in Sources */ = {isa = PBXBuildFile; fileRef = 5BC388FD1B25D2020097218E /* GameScene.m */; };
		5BC389001B25D2020097218E /* GameScene.sks in Resources */ = {isa = PBXBuildFile; fileRef = 5BC388FF1B25D2020097218E /* GameScene.sks */; };
		5BC389031B25D2020097218E /* GameViewController.m in Sources */ = {isa = PBXBuildFile; fileRef = 5BC389021B25D2020097218E /* GameViewController.m */; };
		5BC389061B25D2020097218E /* Main.storyboard in Resources */ = {isa = PBXBuildFile; fileRef = 5BC389041B25D2020097218E /* Main.storyboard */; };
		5BC389081B25D2020097218E /* Images.xcassets in Resources */ = {isa = PBXBuildFile; fileRef = 5BC389071B25D2020097218E /* Images.xcassets */; };
		5BC3890B1B25D2020097218E /* LaunchScreen.xib in Resources */ = {isa = PBXBuildFile; fileRef = 5BC389091B25D2020097218E /* LaunchScreen.xib */; };
		5BC389171B25D2020097218E /* PixelAdventureTests.m in Sources */ = {isa = PBXBuildFile; fileRef = 5BC389161B25D2020097218E /* PixelAdventureTests.m */; };
		5BC389251B25F3080097218E /* attack.sks in Resources */ = {isa = PBXBuildFile; fileRef = 5BC389241B25F3080097218E /* attack.sks */; };
		5BC389271B25F3140097218E /* spark.png in Resources */ = {isa = PBXBuildFile; fileRef = 5BC389261B25F3140097218E /* spark.png */; };
/* End PBXBuildFile section */

/* Begin PBXContainerItemProxy section */
		5BC389111B25D2020097218E /* PBXContainerItemProxy */ = {
			isa = PBXContainerItemProxy;
			containerPortal = 5BC388EA1B25D2020097218E /* Project object */;
			proxyType = 1;
			remoteGlobalIDString = 5BC388F11B25D2020097218E;
			remoteInfo = PixelAdventure;
		};
/* End PBXContainerItemProxy section */

/* Begin PBXFileReference section */
		5BC388F21B25D2020097218E /* PixelAdventure.app */ = {isa = PBXFileReference; explicitFileType = wrapper.application; includeInIndex = 0; path = PixelAdventure.app; sourceTree = BUILT_PRODUCTS_DIR; };
		5BC388F61B25D2020097218E /* Info.plist */ = {isa = PBXFileReference; lastKnownFileType = text.plist.xml; path = Info.plist; sourceTree = "<group>"; };
		5BC388F71B25D2020097218E /* main.m */ = {isa = PBXFileReference; lastKnownFileType = sourcecode.c.objc; path = main.m; sourceTree = "<group>"; };
		5BC388F91B25D2020097218E /* AppDelegate.h */ = {isa = PBXFileReference; lastKnownFileType = sourcecode.c.h; path = AppDelegate.h; sourceTree = "<group>"; };
		5BC388FA1B25D2020097218E /* AppDelegate.m */ = {isa = PBXFileReference; lastKnownFileType = sourcecode.c.objc; path = AppDelegate.m; sourceTree = "<group>"; };
		5BC388FC1B25D2020097218E /* GameScene.h */ = {isa = PBXFileReference; lastKnownFileType = sourcecode.c.h; path = GameScene.h; sourceTree = "<group>"; };
		5BC388FD1B25D2020097218E /* GameScene.m */ = {isa = PBXFileReference; lastKnownFileType = sourcecode.c.objc; path = GameScene.m; sourceTree = "<group>"; };
		5BC388FF1B25D2020097218E /* GameScene.sks */ = {isa = PBXFileReference; lastKnownFileType = file.sks; path = GameScene.sks; sourceTree = "<group>"; };
		5BC389011B25D2020097218E /* GameViewController.h */ = {isa = PBXFileReference; lastKnownFileType = sourcecode.c.h; path = GameViewController.h; sourceTree = "<group>"; };
		5BC389021B25D2020097218E /* GameViewController.m */ = {isa = PBXFileReference; lastKnownFileType = sourcecode.c.objc; path = GameViewController.m; sourceTree = "<group>"; };
		5BC389051B25D2020097218E /* Base */ = {isa = PBXFileReference; lastKnownFileType = file.storyboard; name = Base; path = Base.lproj/Main.storyboard; sourceTree = "<group>"; };
		5BC389071B25D2020097218E /* Images.xcassets */ = {isa = PBXFileReference; lastKnownFileType = folder.assetcatalog; path = Images.xcassets; sourceTree = "<group>"; };
		5BC3890A1B25D2020097218E /* Base */ = {isa = PBXFileReference; lastKnownFileType = file.xib; name = Base; path = Base.lproj/LaunchScreen.xib; sourceTree = "<group>"; };
		5BC389101B25D2020097218E /* PixelAdventureTests.xctest */ = {isa = PBXFileReference; explicitFileType = wrapper.cfbundle; includeInIndex = 0; path = PixelAdventureTests.xctest; sourceTree = BUILT_PRODUCTS_DIR; };
		5BC389151B25D2020097218E /* Info.plist */ = {isa = PBXFileReference; lastKnownFileType = text.plist.xml; path = Info.plist; sourceTree = "<group>"; };
		5BC389161B25D2020097218E /* PixelAdventureTests.m */ = {isa = PBXFileReference; lastKnownFileType = sourcecode.c.objc; path = PixelAdventureTests.m; sourceTree = "<group>"; };
		5BC389241B25F3080097218E /* attack.sks */ = {isa = PBXFileReference; lastKnownFileType = file.sks; path = attack.sks; sourceTree = "<group>"; };
		5BC389261B25F3140097218E /* spark.png */ = {isa = PBXFileReference; lastKnownFileType = image.png; path = spark.png; sourceTree = "<group>"; };
/* End PBXFileReference section */

/* Begin PBXFrameworksBuildPhase section */
		5BC388EF1B25D2020097218E /* Frameworks */ = {
			isa = PBXFrameworksBuildPhase;
			buildActionMask = 2147483647;
			files = (
			);
			runOnlyForDeploymentPostprocessing = 0;
		};
		5BC3890D1B25D2020097218E /* Frameworks */ = {
			isa = PBXFrameworksBuildPhase;
			buildActionMask = 2147483647;
			files = (
			);
			runOnlyForDeploymentPostprocessing = 0;
		};
/* End PBXFrameworksBuildPhase section */

/* Begin PBXGroup section */
		5BC388E91B25D2020097218E = {
			isa = PBXGroup;
			children = (
				5BC388F41B25D2020097218E /* PixelAdventure */,
				5BC389131B25D2020097218E /* PixelAdventureTests */,
				5BC388F31B25D2020097218E /* Products */,
			);
			sourceTree = "<group>";
		};
		5BC388F31B25D2020097218E /* Products */ = {
			isa = PBXGroup;
			children = (
				5BC388F21B25D2020097218E /* PixelAdventure.app */,
				5BC389101B25D2020097218E /* PixelAdventureTests.xctest */,
			);
			name = Products;
			sourceTree = "<group>";
		};
		5BC388F41B25D2020097218E /* PixelAdventure */ = {
			isa = PBXGroup;
			children = (
				5BC388FC1B25D2020097218E /* GameScene.h */,
				5BC388FD1B25D2020097218E /* GameScene.m */,
				5BC388FF1B25D2020097218E /* GameScene.sks */,
				5BC389011B25D2020097218E /* GameViewController.h */,
				5BC389261B25F3140097218E /* spark.png */,
				5BC389241B25F3080097218E /* attack.sks */,
				5BC389021B25D2020097218E /* GameViewController.m */,
				5BC389041B25D2020097218E /* Main.storyboard */,
				5BC388F51B25D2020097218E /* Supporting Files */,
			);
			path = PixelAdventure;
			sourceTree = "<group>";
		};
		5BC388F51B25D2020097218E /* Supporting Files */ = {
			isa = PBXGroup;
			children = (
				5BC388FA1B25D2020097218E /* AppDelegate.m */,
				5BC388F91B25D2020097218E /* AppDelegate.h */,
				5BC389071B25D2020097218E /* Images.xcassets */,
				5BC389091B25D2020097218E /* LaunchScreen.xib */,
				5BC388F61B25D2020097218E /* Info.plist */,
				5BC388F71B25D2020097218E /* main.m */,
			);
			name = "Supporting Files";
			sourceTree = "<group>";
		};
		5BC389131B25D2020097218E /* PixelAdventureTests */ = {
			isa = PBXGroup;
			children = (
				5BC389161B25D2020097218E /* PixelAdventureTests.m */,
				5BC389141B25D2020097218E /* Supporting Files */,
			);
			path = PixelAdventureTests;
			sourceTree = "<group>";
		};
		5BC389141B25D2020097218E /* Supporting Files */ = {
			isa = PBXGroup;
			children = (
				5BC389151B25D2020097218E /* Info.plist */,
			);
			name = "Supporting Files";
			sourceTree = "<group>";
		};
/* End PBXGroup section */

/* Begin PBXNativeTarget section */
		5BC388F11B25D2020097218E /* PixelAdventure */ = {
			isa = PBXNativeTarget;
			buildConfigurationList = 5BC3891A1B25D2020097218E /* Build configuration list for PBXNativeTarget "PixelAdventure" */;
			buildPhases = (
				5BC388EE1B25D2020097218E /* Sources */,
				5BC388EF1B25D2020097218E /* Frameworks */,
				5BC388F01B25D2020097218E /* Resources */,
			);
			buildRules = (
			);
			dependencies = (
			);
			name = PixelAdventure;
			productName = PixelAdventure;
			productReference = 5BC388F21B25D2020097218E /* PixelAdventure.app */;
			productType = "com.apple.product-type.application";
		};
		5BC3890F1B25D2020097218E /* PixelAdventureTests */ = {
			isa = PBXNativeTarget;
			buildConfigurationList = 5BC3891D1B25D2020097218E /* Build configuration list for PBXNativeTarget "PixelAdventureTests" */;
			buildPhases = (
				5BC3890C1B25D2020097218E /* Sources */,
				5BC3890D1B25D2020097218E /* Frameworks */,
				5BC3890E1B25D2020097218E /* Resources */,
			);
			buildRules = (
			);
			dependencies = (
				5BC389121B25D2020097218E /* PBXTargetDependency */,
			);
			name = PixelAdventureTests;
			productName = PixelAdventureTests;
			productReference = 5BC389101B25D2020097218E /* PixelAdventureTests.xctest */;
			productType = "com.apple.product-type.bundle.unit-test";
		};
/* End PBXNativeTarget section */

/* Begin PBXProject section */
		5BC388EA1B25D2020097218E /* Project object */ = {
			isa = PBXProject;
			attributes = {
				LastUpgradeCheck = 0630;
				ORGANIZATIONNAME = "Reed Carson";
				TargetAttributes = {
					5BC388F11B25D2020097218E = {
						CreatedOnToolsVersion = 6.3.1;
					};
					5BC3890F1B25D2020097218E = {
						CreatedOnToolsVersion = 6.3.1;
						TestTargetID = 5BC388F11B25D2020097218E;
					};
				};
			};
			buildConfigurationList = 5BC388ED1B25D2020097218E /* Build configuration list for PBXProject "PixelAdventure" */;
			compatibilityVersion = "Xcode 3.2";
			developmentRegion = English;
			hasScannedForEncodings = 0;
			knownRegions = (
				en,
				Base,
			);
			mainGroup = 5BC388E91B25D2020097218E;
			productRefGroup = 5BC388F31B25D2020097218E /* Products */;
			projectDirPath = "";
			projectRoot = "";
			targets = (
				5BC388F11B25D2020097218E /* PixelAdventure */,
				5BC3890F1B25D2020097218E /* PixelAdventureTests */,
			);
		};
/* End PBXProject section */

/* Begin PBXResourcesBuildPhase section */
		5BC388F01B25D2020097218E /* Resources */ = {
			isa = PBXResourcesBuildPhase;
			buildActionMask = 2147483647;
			files = (
				5BC3890B1B25D2020097218E /* LaunchScreen.xib in Resources */,
				5BC389271B25F3140097218E /* spark.png in Resources */,
				5BC389081B25D2020097218E /* Images.xcassets in Resources */,
				5BC389001B25D2020097218E /* GameScene.sks in Resources */,
				5BC389251B25F3080097218E /* attack.sks in Resources */,
				5BC389061B25D2020097218E /* Main.storyboard in Resources */,
			);
			runOnlyForDeploymentPostprocessing = 0;
		};
		5BC3890E1B25D2020097218E /* Resources */ = {
			isa = PBXResourcesBuildPhase;
			buildActionMask = 2147483647;
			files = (
			);
			runOnlyForDeploymentPostprocessing = 0;
		};
/* End PBXResourcesBuildPhase section */

/* Begin PBXSourcesBuildPhase section */
		5BC388EE1B25D2020097218E /* Sources */ = {
			isa = PBXSourcesBuildPhase;
			buildActionMask = 2147483647;
			files = (
				5BC389031B25D2020097218E /* GameViewController.m in Sources */,
				5BC388FB1B25D2020097218E /* AppDelegate.m in Sources */,
				5BC388FE1B25D2020097218E /* GameScene.m in Sources */,
				5BC388F81B25D2020097218E /* main.m in Sources */,
			);
			runOnlyForDeploymentPostprocessing = 0;
		};
		5BC3890C1B25D2020097218E /* Sources */ = {
			isa = PBXSourcesBuildPhase;
			buildActionMask = 2147483647;
			files = (
				5BC389171B25D2020097218E /* PixelAdventureTests.m in Sources */,
			);
			runOnlyForDeploymentPostprocessing = 0;
		};
/* End PBXSourcesBuildPhase section */

/* Begin PBXTargetDependency section */
		5BC389121B25D2020097218E /* PBXTargetDependency */ = {
			isa = PBXTargetDependency;
			target = 5BC388F11B25D2020097218E /* PixelAdventure */;
			targetProxy = 5BC389111B25D2020097218E /* PBXContainerItemProxy */;
		};
/* End PBXTargetDependency section */

/* Begin PBXVariantGroup section */
		5BC389041B25D2020097218E /* Main.storyboard */ = {
			isa = PBXVariantGroup;
			children = (
				5BC389051B25D2020097218E /* Base */,
			);
			name = Main.storyboard;
			sourceTree = "<group>";
		};
		5BC389091B25D2020097218E /* LaunchScreen.xib */ = {
			isa = PBXVariantGroup;
			children = (
				5BC3890A1B25D2020097218E /* Base */,
			);
			name = LaunchScreen.xib;
			sourceTree = "<group>";
		};
/* End PBXVariantGroup section */

/* Begin XCBuildConfiguration section */
		5BC389181B25D2020097218E /* Debug */ = {
			isa = XCBuildConfiguration;
			buildSettings = {
				ALWAYS_SEARCH_USER_PATHS = NO;
				CLANG_CXX_LANGUAGE_STANDARD = "gnu++0x";
				CLANG_CXX_LIBRARY = "libc++";
				CLANG_ENABLE_MODULES = YES;
				CLANG_ENABLE_OBJC_ARC = YES;
				CLANG_WARN_BOOL_CONVERSION = YES;
				CLANG_WARN_CONSTANT_CONVERSION = YES;
				CLANG_WARN_DIRECT_OBJC_ISA_USAGE = YES_ERROR;
				CLANG_WARN_EMPTY_BODY = YES;
				CLANG_WARN_ENUM_CONVERSION = YES;
				CLANG_WARN_INT_CONVERSION = YES;
				CLANG_WARN_OBJC_ROOT_CLASS = YES_ERROR;
				CLANG_WARN_UNREACHABLE_CODE = YES;
				CLANG_WARN__DUPLICATE_METHOD_MATCH = YES;
				"CODE_SIGN_IDENTITY[sdk=iphoneos*]" = "iPhone Developer";
				COPY_PHASE_STRIP = NO;
				DEBUG_INFORMATION_FORMAT = "dwarf-with-dsym";
				ENABLE_STRICT_OBJC_MSGSEND = YES;
				GCC_C_LANGUAGE_STANDARD = gnu99;
				GCC_DYNAMIC_NO_PIC = NO;
				GCC_NO_COMMON_BLOCKS = YES;
				GCC_OPTIMIZATION_LEVEL = 0;
				GCC_PREPROCESSOR_DEFINITIONS = (
					"DEBUG=1",
					"$(inherited)",
				);
				GCC_SYMBOLS_PRIVATE_EXTERN = NO;
				GCC_WARN_64_TO_32_BIT_CONVERSION = YES;
				GCC_WARN_ABOUT_RETURN_TYPE = YES_ERROR;
				GCC_WARN_UNDECLARED_SELECTOR = YES;
				GCC_WARN_UNINITIALIZED_AUTOS = YES_AGGRESSIVE;
				GCC_WARN_UNUSED_FUNCTION = YES;
				GCC_WARN_UNUSED_VARIABLE = YES;
				IPHONEOS_DEPLOYMENT_TARGET = 8.3;
				MTL_ENABLE_DEBUG_INFO = YES;
				ONLY_ACTIVE_ARCH = YES;
				SDKROOT = iphoneos;
			};
			name = Debug;
		};
		5BC389191B25D2020097218E /* Release */ = {
			isa = XCBuildConfiguration;
			buildSettings = {
				ALWAYS_SEARCH_USER_PATHS = NO;
				CLANG_CXX_LANGUAGE_STANDARD = "gnu++0x";
				CLANG_CXX_LIBRARY = "libc++";
				CLANG_ENABLE_MODULES = YES;
				CLANG_ENABLE_OBJC_ARC = YES;
				CLANG_WARN_BOOL_CONVERSION = YES;
				CLANG_WARN_CONSTANT_CONVERSION = YES;
				CLANG_WARN_DIRECT_OBJC_ISA_USAGE = YES_ERROR;
				CLANG_WARN_EMPTY_BODY = YES;
				CLANG_WARN_ENUM_CONVERSION = YES;
				CLANG_WARN_INT_CONVERSION = YES;
				CLANG_WARN_OBJC_ROOT_CLASS = YES_ERROR;
				CLANG_WARN_UNREACHABLE_CODE = YES;
				CLANG_WARN__DUPLICATE_METHOD_MATCH = YES;
				"CODE_SIGN_IDENTITY[sdk=iphoneos*]" = "iPhone Developer";
				COPY_PHASE_STRIP = NO;
				DEBUG_INFORMATION_FORMAT = "dwarf-with-dsym";
				ENABLE_NS_ASSERTIONS = NO;
				ENABLE_STRICT_OBJC_MSGSEND = YES;
				GCC_C_LANGUAGE_STANDARD = gnu99;
				GCC_NO_COMMON_BLOCKS = YES;
				GCC_WARN_64_TO_32_BIT_CONVERSION = YES;
				GCC_WARN_ABOUT_RETURN_TYPE = YES_ERROR;
				GCC_WARN_UNDECLARED_SELECTOR = YES;
				GCC_WARN_UNINITIALIZED_AUTOS = YES_AGGRESSIVE;
				GCC_WARN_UNUSED_FUNCTION = YES;
				GCC_WARN_UNUSED_VARIABLE = YES;
				IPHONEOS_DEPLOYMENT_TARGET = 8.3;
				MTL_ENABLE_DEBUG_INFO = NO;
				SDKROOT = iphoneos;
				VALIDATE_PRODUCT = YES;
			};
			name = Release;
		};
		5BC3891B1B25D2020097218E /* Debug */ = {
			isa = XCBuildConfiguration;
			buildSettings = {
				ASSETCATALOG_COMPILER_APPICON_NAME = AppIcon;
				INFOPLIST_FILE = PixelAdventure/Info.plist;
				LD_RUNPATH_SEARCH_PATHS = "$(inherited) @executable_path/Frameworks";
				PRODUCT_NAME = "$(TARGET_NAME)";
			};
			name = Debug;
		};
		5BC3891C1B25D2020097218E /* Release */ = {
			isa = XCBuildConfiguration;
			buildSettings = {
				ASSETCATALOG_COMPILER_APPICON_NAME = AppIcon;
				INFOPLIST_FILE = PixelAdventure/Info.plist;
				LD_RUNPATH_SEARCH_PATHS = "$(inherited) @executable_path/Frameworks";
				PRODUCT_NAME = "$(TARGET_NAME)";
			};
			name = Release;
		};
		5BC3891E1B25D2020097218E /* Debug */ = {
			isa = XCBuildConfiguration;
			buildSettings = {
				BUNDLE_LOADER = "$(TEST_HOST)";
				FRAMEWORK_SEARCH_PATHS = (
					"$(SDKROOT)/Developer/Library/Frameworks",
					"$(inherited)",
				);
				GCC_PREPROCESSOR_DEFINITIONS = (
					"DEBUG=1",
					"$(inherited)",
				);
				INFOPLIST_FILE = PixelAdventureTests/Info.plist;
				LD_RUNPATH_SEARCH_PATHS = "$(inherited) @executable_path/Frameworks @loader_path/Frameworks";
				PRODUCT_NAME = "$(TARGET_NAME)";
				TEST_HOST = "$(BUILT_PRODUCTS_DIR)/PixelAdventure.app/PixelAdventure";
			};
			name = Debug;
		};
		5BC3891F1B25D2020097218E /* Release */ = {
			isa = XCBuildConfiguration;
			buildSettings = {
				BUNDLE_LOADER = "$(TEST_HOST)";
				FRAMEWORK_SEARCH_PATHS = (
					"$(SDKROOT)/Developer/Library/Frameworks",
					"$(inherited)",
				);
				INFOPLIST_FILE = PixelAdventureTests/Info.plist;
				LD_RUNPATH_SEARCH_PATHS = "$(inherited) @executable_path/Frameworks @loader_path/Frameworks";
				PRODUCT_NAME = "$(TARGET_NAME)";
				TEST_HOST = "$(BUILT_PRODUCTS_DIR)/PixelAdventure.app/PixelAdventure";
			};
			name = Release;
		};
/* End XCBuildConfiguration section */

/* Begin XCConfigurationList section */
		5BC388ED1B25D2020097218E /* Build configuration list for PBXProject "PixelAdventure" */ = {
			isa = XCConfigurationList;
			buildConfigurations = (
				5BC389181B25D2020097218E /* Debug */,
				5BC389191B25D2020097218E /* Release */,
			);
			defaultConfigurationIsVisible = 0;
			defaultConfigurationName = Release;
		};
		5BC3891A1B25D2020097218E /* Build configuration list for PBXNativeTarget "PixelAdventure" */ = {
			isa = XCConfigurationList;
			buildConfigurations = (
				5BC3891B1B25D2020097218E /* Debug */,
				5BC3891C1B25D2020097218E /* Release */,
			);
			defaultConfigurationIsVisible = 0;
		};
		5BC3891D1B25D2020097218E /* Build configuration list for PBXNativeTarget "PixelAdventureTests" */ = {
			isa = XCConfigurationList;
			buildConfigurations = (
				5BC3891E1B25D2020097218E /* Debug */,
				5BC3891F1B25D2020097218E /* Release */,
			);
			defaultConfigurationIsVisible = 0;
		};
/* End XCConfigurationList section */
	};
	rootObject = 5BC388EA1B25D2020097218E /* Project object */;
}
