// !$*UTF8*$!
{
	archiveVersion = 1;
	classes = {
	};
	objectVersion = 46;
	objects = {

/* Begin PBXBuildFile section */
		5B60C0651B01ACB600452E42 /* sircleButt.swift in Sources */ = {isa = PBXBuildFile; fileRef = 5B60C0641B01ACB600452E42 /* sircleButt.swift */; };
		5BB5E09D1B00E7A9005D6A2F /* AppDelegate.swift in Sources */ = {isa = PBXBuildFile; fileRef = 5BB5E09C1B00E7A9005D6A2F /* AppDelegate.swift */; };
		5BB5E09F1B00E7A9005D6A2F /* ViewController.swift in Sources */ = {isa = PBXBuildFile; fileRef = 5BB5E09E1B00E7A9005D6A2F /* ViewController.swift */; };
		5BB5E0A21B00E7A9005D6A2F /* Main.storyboard in Resources */ = {isa = PBXBuildFile; fileRef = 5BB5E0A01B00E7A9005D6A2F /* Main.storyboard */; };
		5BB5E0A41B00E7A9005D6A2F /* Images.xcassets in Resources */ = {isa = PBXBuildFile; fileRef = 5BB5E0A31B00E7A9005D6A2F /* Images.xcassets */; };
		5BB5E0A71B00E7A9005D6A2F /* LaunchScreen.xib in Resources */ = {isa = PBXBuildFile; fileRef = 5BB5E0A51B00E7A9005D6A2F /* LaunchScreen.xib */; };
		5BB5E0B31B00E7A9005D6A2F /* HighPriorityTests.swift in Sources */ = {isa = PBXBuildFile; fileRef = 5BB5E0B21B00E7A9005D6A2F /* HighPriorityTests.swift */; };
		5BB5E0BD1B00E8F0005D6A2F /* listTableViewController.swift in Sources */ = {isa = PBXBuildFile; fileRef = 5BB5E0BC1B00E8F0005D6A2F /* listTableViewController.swift */; };
		5BB5E0BF1B00E93C005D6A2F /* ListTableViewCell.swift in Sources */ = {isa = PBXBuildFile; fileRef = 5BB5E0BE1B00E93C005D6A2F /* ListTableViewCell.swift */; };
		5BB5E0C11B013D3D005D6A2F /* priButt.swift in Sources */ = {isa = PBXBuildFile; fileRef = 5BB5E0C01B013D3D005D6A2F /* priButt.swift */; };
/* End PBXBuildFile section */

/* Begin PBXContainerItemProxy section */
		5BB5E0AD1B00E7A9005D6A2F /* PBXContainerItemProxy */ = {
			isa = PBXContainerItemProxy;
			containerPortal = 5BB5E08F1B00E7A9005D6A2F /* Project object */;
			proxyType = 1;
			remoteGlobalIDString = 5BB5E0961B00E7A9005D6A2F;
			remoteInfo = HighPriority;
		};
/* End PBXContainerItemProxy section */

/* Begin PBXFileReference section */
		5B60C0641B01ACB600452E42 /* sircleButt.swift */ = {isa = PBXFileReference; fileEncoding = 4; lastKnownFileType = sourcecode.swift; path = sircleButt.swift; sourceTree = "<group>"; };
		5BB5E0971B00E7A9005D6A2F /* HighPriority.app */ = {isa = PBXFileReference; explicitFileType = wrapper.application; includeInIndex = 0; path = HighPriority.app; sourceTree = BUILT_PRODUCTS_DIR; };
		5BB5E09B1B00E7A9005D6A2F /* Info.plist */ = {isa = PBXFileReference; lastKnownFileType = text.plist.xml; path = Info.plist; sourceTree = "<group>"; };
		5BB5E09C1B00E7A9005D6A2F /* AppDelegate.swift */ = {isa = PBXFileReference; lastKnownFileType = sourcecode.swift; path = AppDelegate.swift; sourceTree = "<group>"; };
		5BB5E09E1B00E7A9005D6A2F /* ViewController.swift */ = {isa = PBXFileReference; lastKnownFileType = sourcecode.swift; path = ViewController.swift; sourceTree = "<group>"; };
		5BB5E0A11B00E7A9005D6A2F /* Base */ = {isa = PBXFileReference; lastKnownFileType = file.storyboard; name = Base; path = Base.lproj/Main.storyboard; sourceTree = "<group>"; };
		5BB5E0A31B00E7A9005D6A2F /* Images.xcassets */ = {isa = PBXFileReference; lastKnownFileType = folder.assetcatalog; path = Images.xcassets; sourceTree = "<group>"; };
		5BB5E0A61B00E7A9005D6A2F /* Base */ = {isa = PBXFileReference; lastKnownFileType = file.xib; name = Base; path = Base.lproj/LaunchScreen.xib; sourceTree = "<group>"; };
		5BB5E0AC1B00E7A9005D6A2F /* HighPriorityTests.xctest */ = {isa = PBXFileReference; explicitFileType = wrapper.cfbundle; includeInIndex = 0; path = HighPriorityTests.xctest; sourceTree = BUILT_PRODUCTS_DIR; };
		5BB5E0B11B00E7A9005D6A2F /* Info.plist */ = {isa = PBXFileReference; lastKnownFileType = text.plist.xml; path = Info.plist; sourceTree = "<group>"; };
		5BB5E0B21B00E7A9005D6A2F /* HighPriorityTests.swift */ = {isa = PBXFileReference; lastKnownFileType = sourcecode.swift; path = HighPriorityTests.swift; sourceTree = "<group>"; };
		5BB5E0BC1B00E8F0005D6A2F /* listTableViewController.swift */ = {isa = PBXFileReference; fileEncoding = 4; lastKnownFileType = sourcecode.swift; path = listTableViewController.swift; sourceTree = "<group>"; };
		5BB5E0BE1B00E93C005D6A2F /* ListTableViewCell.swift */ = {isa = PBXFileReference; fileEncoding = 4; lastKnownFileType = sourcecode.swift; path = ListTableViewCell.swift; sourceTree = "<group>"; };
		5BB5E0C01B013D3D005D6A2F /* priButt.swift */ = {isa = PBXFileReference; fileEncoding = 4; lastKnownFileType = sourcecode.swift; path = priButt.swift; sourceTree = "<group>"; };
/* End PBXFileReference section */

/* Begin PBXFrameworksBuildPhase section */
		5BB5E0941B00E7A9005D6A2F /* Frameworks */ = {
			isa = PBXFrameworksBuildPhase;
			buildActionMask = 2147483647;
			files = (
			);
			runOnlyForDeploymentPostprocessing = 0;
		};
		5BB5E0A91B00E7A9005D6A2F /* Frameworks */ = {
			isa = PBXFrameworksBuildPhase;
			buildActionMask = 2147483647;
			files = (
			);
			runOnlyForDeploymentPostprocessing = 0;
		};
/* End PBXFrameworksBuildPhase section */

/* Begin PBXGroup section */
		5BB5E08E1B00E7A9005D6A2F = {
			isa = PBXGroup;
			children = (
				5BB5E0991B00E7A9005D6A2F /* HighPriority */,
				5BB5E0AF1B00E7A9005D6A2F /* HighPriorityTests */,
				5BB5E0981B00E7A9005D6A2F /* Products */,
			);
			sourceTree = "<group>";
		};
		5BB5E0981B00E7A9005D6A2F /* Products */ = {
			isa = PBXGroup;
			children = (
				5BB5E0971B00E7A9005D6A2F /* HighPriority.app */,
				5BB5E0AC1B00E7A9005D6A2F /* HighPriorityTests.xctest */,
			);
			name = Products;
			sourceTree = "<group>";
		};
		5BB5E0991B00E7A9005D6A2F /* HighPriority */ = {
			isa = PBXGroup;
			children = (
				5BB5E0BE1B00E93C005D6A2F /* ListTableViewCell.swift */,
				5BB5E0C01B013D3D005D6A2F /* priButt.swift */,
				5BB5E0BC1B00E8F0005D6A2F /* listTableViewController.swift */,
				5B60C0641B01ACB600452E42 /* sircleButt.swift */,
				5BB5E0A01B00E7A9005D6A2F /* Main.storyboard */,
				5BB5E09A1B00E7A9005D6A2F /* Supporting Files */,
			);
			path = HighPriority;
			sourceTree = "<group>";
		};
		5BB5E09A1B00E7A9005D6A2F /* Supporting Files */ = {
			isa = PBXGroup;
			children = (
				5BB5E0A51B00E7A9005D6A2F /* LaunchScreen.xib */,
				5BB5E0A31B00E7A9005D6A2F /* Images.xcassets */,
				5BB5E09C1B00E7A9005D6A2F /* AppDelegate.swift */,
				5BB5E09E1B00E7A9005D6A2F /* ViewController.swift */,
				5BB5E09B1B00E7A9005D6A2F /* Info.plist */,
			);
			name = "Supporting Files";
			sourceTree = "<group>";
		};
		5BB5E0AF1B00E7A9005D6A2F /* HighPriorityTests */ = {
			isa = PBXGroup;
			children = (
				5BB5E0B21B00E7A9005D6A2F /* HighPriorityTests.swift */,
				5BB5E0B01B00E7A9005D6A2F /* Supporting Files */,
			);
			path = HighPriorityTests;
			sourceTree = "<group>";
		};
		5BB5E0B01B00E7A9005D6A2F /* Supporting Files */ = {
			isa = PBXGroup;
			children = (
				5BB5E0B11B00E7A9005D6A2F /* Info.plist */,
			);
			name = "Supporting Files";
			sourceTree = "<group>";
		};
/* End PBXGroup section */

/* Begin PBXNativeTarget section */
		5BB5E0961B00E7A9005D6A2F /* HighPriority */ = {
			isa = PBXNativeTarget;
			buildConfigurationList = 5BB5E0B61B00E7A9005D6A2F /* Build configuration list for PBXNativeTarget "HighPriority" */;
			buildPhases = (
				5BB5E0931B00E7A9005D6A2F /* Sources */,
				5BB5E0941B00E7A9005D6A2F /* Frameworks */,
				5BB5E0951B00E7A9005D6A2F /* Resources */,
			);
			buildRules = (
			);
			dependencies = (
			);
			name = HighPriority;
			productName = HighPriority;
			productReference = 5BB5E0971B00E7A9005D6A2F /* HighPriority.app */;
			productType = "com.apple.product-type.application";
		};
		5BB5E0AB1B00E7A9005D6A2F /* HighPriorityTests */ = {
			isa = PBXNativeTarget;
			buildConfigurationList = 5BB5E0B91B00E7A9005D6A2F /* Build configuration list for PBXNativeTarget "HighPriorityTests" */;
			buildPhases = (
				5BB5E0A81B00E7A9005D6A2F /* Sources */,
				5BB5E0A91B00E7A9005D6A2F /* Frameworks */,
				5BB5E0AA1B00E7A9005D6A2F /* Resources */,
			);
			buildRules = (
			);
			dependencies = (
				5BB5E0AE1B00E7A9005D6A2F /* PBXTargetDependency */,
			);
			name = HighPriorityTests;
			productName = HighPriorityTests;
			productReference = 5BB5E0AC1B00E7A9005D6A2F /* HighPriorityTests.xctest */;
			productType = "com.apple.product-type.bundle.unit-test";
		};
/* End PBXNativeTarget section */

/* Begin PBXProject section */
		5BB5E08F1B00E7A9005D6A2F /* Project object */ = {
			isa = PBXProject;
			attributes = {
				LastUpgradeCheck = 0630;
				ORGANIZATIONNAME = "Reed Carson";
				TargetAttributes = {
					5BB5E0961B00E7A9005D6A2F = {
						CreatedOnToolsVersion = 6.3.1;
					};
					5BB5E0AB1B00E7A9005D6A2F = {
						CreatedOnToolsVersion = 6.3.1;
						TestTargetID = 5BB5E0961B00E7A9005D6A2F;
					};
				};
			};
			buildConfigurationList = 5BB5E0921B00E7A9005D6A2F /* Build configuration list for PBXProject "HighPriority" */;
			compatibilityVersion = "Xcode 3.2";
			developmentRegion = English;
			hasScannedForEncodings = 0;
			knownRegions = (
				en,
				Base,
			);
			mainGroup = 5BB5E08E1B00E7A9005D6A2F;
			productRefGroup = 5BB5E0981B00E7A9005D6A2F /* Products */;
			projectDirPath = "";
			projectRoot = "";
			targets = (
				5BB5E0961B00E7A9005D6A2F /* HighPriority */,
				5BB5E0AB1B00E7A9005D6A2F /* HighPriorityTests */,
			);
		};
/* End PBXProject section */

/* Begin PBXResourcesBuildPhase section */
		5BB5E0951B00E7A9005D6A2F /* Resources */ = {
			isa = PBXResourcesBuildPhase;
			buildActionMask = 2147483647;
			files = (
				5BB5E0A21B00E7A9005D6A2F /* Main.storyboard in Resources */,
				5BB5E0A71B00E7A9005D6A2F /* LaunchScreen.xib in Resources */,
				5BB5E0A41B00E7A9005D6A2F /* Images.xcassets in Resources */,
			);
			runOnlyForDeploymentPostprocessing = 0;
		};
		5BB5E0AA1B00E7A9005D6A2F /* Resources */ = {
			isa = PBXResourcesBuildPhase;
			buildActionMask = 2147483647;
			files = (
			);
			runOnlyForDeploymentPostprocessing = 0;
		};
/* End PBXResourcesBuildPhase section */

/* Begin PBXSourcesBuildPhase section */
		5BB5E0931B00E7A9005D6A2F /* Sources */ = {
			isa = PBXSourcesBuildPhase;
			buildActionMask = 2147483647;
			files = (
				5BB5E09F1B00E7A9005D6A2F /* ViewController.swift in Sources */,
				5BB5E0BF1B00E93C005D6A2F /* ListTableViewCell.swift in Sources */,
				5BB5E09D1B00E7A9005D6A2F /* AppDelegate.swift in Sources */,
				5BB5E0BD1B00E8F0005D6A2F /* listTableViewController.swift in Sources */,
				5B60C0651B01ACB600452E42 /* sircleButt.swift in Sources */,
				5BB5E0C11B013D3D005D6A2F /* priButt.swift in Sources */,
			);
			runOnlyForDeploymentPostprocessing = 0;
		};
		5BB5E0A81B00E7A9005D6A2F /* Sources */ = {
			isa = PBXSourcesBuildPhase;
			buildActionMask = 2147483647;
			files = (
				5BB5E0B31B00E7A9005D6A2F /* HighPriorityTests.swift in Sources */,
			);
			runOnlyForDeploymentPostprocessing = 0;
		};
/* End PBXSourcesBuildPhase section */

/* Begin PBXTargetDependency section */
		5BB5E0AE1B00E7A9005D6A2F /* PBXTargetDependency */ = {
			isa = PBXTargetDependency;
			target = 5BB5E0961B00E7A9005D6A2F /* HighPriority */;
			targetProxy = 5BB5E0AD1B00E7A9005D6A2F /* PBXContainerItemProxy */;
		};
/* End PBXTargetDependency section */

/* Begin PBXVariantGroup section */
		5BB5E0A01B00E7A9005D6A2F /* Main.storyboard */ = {
			isa = PBXVariantGroup;
			children = (
				5BB5E0A11B00E7A9005D6A2F /* Base */,
			);
			name = Main.storyboard;
			sourceTree = "<group>";
		};
		5BB5E0A51B00E7A9005D6A2F /* LaunchScreen.xib */ = {
			isa = PBXVariantGroup;
			children = (
				5BB5E0A61B00E7A9005D6A2F /* Base */,
			);
			name = LaunchScreen.xib;
			sourceTree = "<group>";
		};
/* End PBXVariantGroup section */

/* Begin XCBuildConfiguration section */
		5BB5E0B41B00E7A9005D6A2F /* Debug */ = {
			isa = XCBuildConfiguration;
			buildSettings = {
				ALWAYS_SEARCH_USER_PATHS = NO;
				CLANG_CXX_LANGUAGE_STANDARD = "gnu++0x";
				CLANG_CXX_LIBRARY = "libc++";
				CLANG_ENABLE_MODULES = YES;
				CLANG_ENABLE_OBJC_ARC = YES;
				CLANG_WARN_BOOL_CONVERSION = YES;
				CLANG_WARN_CONSTANT_CONVERSION = YES;
				CLANG_WARN_DIRECT_OBJC_ISA_USAGE = YES_ERROR;
				CLANG_WARN_EMPTY_BODY = YES;
				CLANG_WARN_ENUM_CONVERSION = YES;
				CLANG_WARN_INT_CONVERSION = YES;
				CLANG_WARN_OBJC_ROOT_CLASS = YES_ERROR;
				CLANG_WARN_UNREACHABLE_CODE = YES;
				CLANG_WARN__DUPLICATE_METHOD_MATCH = YES;
				"CODE_SIGN_IDENTITY[sdk=iphoneos*]" = "iPhone Developer";
				COPY_PHASE_STRIP = NO;
				DEBUG_INFORMATION_FORMAT = "dwarf-with-dsym";
				ENABLE_STRICT_OBJC_MSGSEND = YES;
				GCC_C_LANGUAGE_STANDARD = gnu99;
				GCC_DYNAMIC_NO_PIC = NO;
				GCC_NO_COMMON_BLOCKS = YES;
				GCC_OPTIMIZATION_LEVEL = 0;
				GCC_PREPROCESSOR_DEFINITIONS = (
					"DEBUG=1",
					"$(inherited)",
				);
				GCC_SYMBOLS_PRIVATE_EXTERN = NO;
				GCC_WARN_64_TO_32_BIT_CONVERSION = YES;
				GCC_WARN_ABOUT_RETURN_TYPE = YES_ERROR;
				GCC_WARN_UNDECLARED_SELECTOR = YES;
				GCC_WARN_UNINITIALIZED_AUTOS = YES_AGGRESSIVE;
				GCC_WARN_UNUSED_FUNCTION = YES;
				GCC_WARN_UNUSED_VARIABLE = YES;
				IPHONEOS_DEPLOYMENT_TARGET = 8.3;
				MTL_ENABLE_DEBUG_INFO = YES;
				ONLY_ACTIVE_ARCH = YES;
				SDKROOT = iphoneos;
				SWIFT_OPTIMIZATION_LEVEL = "-Onone";
			};
			name = Debug;
		};
		5BB5E0B51B00E7A9005D6A2F /* Release */ = {
			isa = XCBuildConfiguration;
			buildSettings = {
				ALWAYS_SEARCH_USER_PATHS = NO;
				CLANG_CXX_LANGUAGE_STANDARD = "gnu++0x";
				CLANG_CXX_LIBRARY = "libc++";
				CLANG_ENABLE_MODULES = YES;
				CLANG_ENABLE_OBJC_ARC = YES;
				CLANG_WARN_BOOL_CONVERSION = YES;
				CLANG_WARN_CONSTANT_CONVERSION = YES;
				CLANG_WARN_DIRECT_OBJC_ISA_USAGE = YES_ERROR;
				CLANG_WARN_EMPTY_BODY = YES;
				CLANG_WARN_ENUM_CONVERSION = YES;
				CLANG_WARN_INT_CONVERSION = YES;
				CLANG_WARN_OBJC_ROOT_CLASS = YES_ERROR;
				CLANG_WARN_UNREACHABLE_CODE = YES;
				CLANG_WARN__DUPLICATE_METHOD_MATCH = YES;
				"CODE_SIGN_IDENTITY[sdk=iphoneos*]" = "iPhone Developer";
				COPY_PHASE_STRIP = NO;
				DEBUG_INFORMATION_FORMAT = "dwarf-with-dsym";
				ENABLE_NS_ASSERTIONS = NO;
				ENABLE_STRICT_OBJC_MSGSEND = YES;
				GCC_C_LANGUAGE_STANDARD = gnu99;
				GCC_NO_COMMON_BLOCKS = YES;
				GCC_WARN_64_TO_32_BIT_CONVERSION = YES;
				GCC_WARN_ABOUT_RETURN_TYPE = YES_ERROR;
				GCC_WARN_UNDECLARED_SELECTOR = YES;
				GCC_WARN_UNINITIALIZED_AUTOS = YES_AGGRESSIVE;
				GCC_WARN_UNUSED_FUNCTION = YES;
				GCC_WARN_UNUSED_VARIABLE = YES;
				IPHONEOS_DEPLOYMENT_TARGET = 8.3;
				MTL_ENABLE_DEBUG_INFO = NO;
				SDKROOT = iphoneos;
				VALIDATE_PRODUCT = YES;
			};
			name = Release;
		};
		5BB5E0B71B00E7A9005D6A2F /* Debug */ = {
			isa = XCBuildConfiguration;
			buildSettings = {
				ASSETCATALOG_COMPILER_APPICON_NAME = AppIcon;
				INFOPLIST_FILE = HighPriority/Info.plist;
				LD_RUNPATH_SEARCH_PATHS = "$(inherited) @executable_path/Frameworks";
				PRODUCT_NAME = "$(TARGET_NAME)";
			};
			name = Debug;
		};
		5BB5E0B81B00E7A9005D6A2F /* Release */ = {
			isa = XCBuildConfiguration;
			buildSettings = {
				ASSETCATALOG_COMPILER_APPICON_NAME = AppIcon;
				INFOPLIST_FILE = HighPriority/Info.plist;
				LD_RUNPATH_SEARCH_PATHS = "$(inherited) @executable_path/Frameworks";
				PRODUCT_NAME = "$(TARGET_NAME)";
			};
			name = Release;
		};
		5BB5E0BA1B00E7A9005D6A2F /* Debug */ = {
			isa = XCBuildConfiguration;
			buildSettings = {
				BUNDLE_LOADER = "$(TEST_HOST)";
				FRAMEWORK_SEARCH_PATHS = (
					"$(SDKROOT)/Developer/Library/Frameworks",
					"$(inherited)",
				);
				GCC_PREPROCESSOR_DEFINITIONS = (
					"DEBUG=1",
					"$(inherited)",
				);
				INFOPLIST_FILE = HighPriorityTests/Info.plist;
				LD_RUNPATH_SEARCH_PATHS = "$(inherited) @executable_path/Frameworks @loader_path/Frameworks";
				PRODUCT_NAME = "$(TARGET_NAME)";
				TEST_HOST = "$(BUILT_PRODUCTS_DIR)/HighPriority.app/HighPriority";
			};
			name = Debug;
		};
		5BB5E0BB1B00E7A9005D6A2F /* Release */ = {
			isa = XCBuildConfiguration;
			buildSettings = {
				BUNDLE_LOADER = "$(TEST_HOST)";
				FRAMEWORK_SEARCH_PATHS = (
					"$(SDKROOT)/Developer/Library/Frameworks",
					"$(inherited)",
				);
				INFOPLIST_FILE = HighPriorityTests/Info.plist;
				LD_RUNPATH_SEARCH_PATHS = "$(inherited) @executable_path/Frameworks @loader_path/Frameworks";
				PRODUCT_NAME = "$(TARGET_NAME)";
				TEST_HOST = "$(BUILT_PRODUCTS_DIR)/HighPriority.app/HighPriority";
			};
			name = Release;
		};
/* End XCBuildConfiguration section */

/* Begin XCConfigurationList section */
		5BB5E0921B00E7A9005D6A2F /* Build configuration list for PBXProject "HighPriority" */ = {
			isa = XCConfigurationList;
			buildConfigurations = (
				5BB5E0B41B00E7A9005D6A2F /* Debug */,
				5BB5E0B51B00E7A9005D6A2F /* Release */,
			);
			defaultConfigurationIsVisible = 0;
			defaultConfigurationName = Release;
		};
		5BB5E0B61B00E7A9005D6A2F /* Build configuration list for PBXNativeTarget "HighPriority" */ = {
			isa = XCConfigurationList;
			buildConfigurations = (
				5BB5E0B71B00E7A9005D6A2F /* Debug */,
				5BB5E0B81B00E7A9005D6A2F /* Release */,
			);
			defaultConfigurationIsVisible = 0;
			defaultConfigurationName = Release;
		};
		5BB5E0B91B00E7A9005D6A2F /* Build configuration list for PBXNativeTarget "HighPriorityTests" */ = {
			isa = XCConfigurationList;
			buildConfigurations = (
				5BB5E0BA1B00E7A9005D6A2F /* Debug */,
				5BB5E0BB1B00E7A9005D6A2F /* Release */,
			);
			defaultConfigurationIsVisible = 0;
			defaultConfigurationName = Release;
		};
/* End XCConfigurationList section */
	};
	rootObject = 5BB5E08F1B00E7A9005D6A2F /* Project object */;
}
