// !$*UTF8*$!
{
	archiveVersion = 1;
	classes = {
	};
	objectVersion = 46;
	objects = {

/* Begin PBXBuildFile section */
		5B9E3EE41B1DE2C9002454AD /* main.m in Sources */ = {isa = PBXBuildFile; fileRef = 5B9E3EE31B1DE2C9002454AD /* main.m */; };
		5B9E3EE71B1DE2C9002454AD /* AppDelegate.m in Sources */ = {isa = PBXBuildFile; fileRef = 5B9E3EE61B1DE2C9002454AD /* AppDelegate.m */; };
		5B9E3EED1B1DE2C9002454AD /* Main.storyboard in Resources */ = {isa = PBXBuildFile; fileRef = 5B9E3EEB1B1DE2C9002454AD /* Main.storyboard */; };
		5B9E3EEF1B1DE2C9002454AD /* Images.xcassets in Resources */ = {isa = PBXBuildFile; fileRef = 5B9E3EEE1B1DE2C9002454AD /* Images.xcassets */; };
		5B9E3EF21B1DE2C9002454AD /* LaunchScreen.xib in Resources */ = {isa = PBXBuildFile; fileRef = 5B9E3EF01B1DE2C9002454AD /* LaunchScreen.xib */; };
		5B9E3EFE1B1DE2C9002454AD /* GroupTherapyTests.m in Sources */ = {isa = PBXBuildFile; fileRef = 5B9E3EFD1B1DE2C9002454AD /* GroupTherapyTests.m */; };
		5B9E3F091B1DE6A7002454AD /* TableViewController.m in Sources */ = {isa = PBXBuildFile; fileRef = 5B9E3F081B1DE6A7002454AD /* TableViewController.m */; };
/* End PBXBuildFile section */

/* Begin PBXContainerItemProxy section */
		5B9E3EF81B1DE2C9002454AD /* PBXContainerItemProxy */ = {
			isa = PBXContainerItemProxy;
			containerPortal = 5B9E3ED61B1DE2C9002454AD /* Project object */;
			proxyType = 1;
			remoteGlobalIDString = 5B9E3EDD1B1DE2C9002454AD;
			remoteInfo = GroupTherapy;
		};
/* End PBXContainerItemProxy section */

/* Begin PBXFileReference section */
		5B9E3EDE1B1DE2C9002454AD /* GroupTherapy.app */ = {isa = PBXFileReference; explicitFileType = wrapper.application; includeInIndex = 0; path = GroupTherapy.app; sourceTree = BUILT_PRODUCTS_DIR; };
		5B9E3EE21B1DE2C9002454AD /* Info.plist */ = {isa = PBXFileReference; lastKnownFileType = text.plist.xml; path = Info.plist; sourceTree = "<group>"; };
		5B9E3EE31B1DE2C9002454AD /* main.m */ = {isa = PBXFileReference; lastKnownFileType = sourcecode.c.objc; path = main.m; sourceTree = "<group>"; };
		5B9E3EE51B1DE2C9002454AD /* AppDelegate.h */ = {isa = PBXFileReference; lastKnownFileType = sourcecode.c.h; path = AppDelegate.h; sourceTree = "<group>"; };
		5B9E3EE61B1DE2C9002454AD /* AppDelegate.m */ = {isa = PBXFileReference; lastKnownFileType = sourcecode.c.objc; path = AppDelegate.m; sourceTree = "<group>"; };
		5B9E3EEC1B1DE2C9002454AD /* Base */ = {isa = PBXFileReference; lastKnownFileType = file.storyboard; name = Base; path = Base.lproj/Main.storyboard; sourceTree = "<group>"; };
		5B9E3EEE1B1DE2C9002454AD /* Images.xcassets */ = {isa = PBXFileReference; lastKnownFileType = folder.assetcatalog; path = Images.xcassets; sourceTree = "<group>"; };
		5B9E3EF11B1DE2C9002454AD /* Base */ = {isa = PBXFileReference; lastKnownFileType = file.xib; name = Base; path = Base.lproj/LaunchScreen.xib; sourceTree = "<group>"; };
		5B9E3EF71B1DE2C9002454AD /* GroupTherapyTests.xctest */ = {isa = PBXFileReference; explicitFileType = wrapper.cfbundle; includeInIndex = 0; path = GroupTherapyTests.xctest; sourceTree = BUILT_PRODUCTS_DIR; };
		5B9E3EFC1B1DE2C9002454AD /* Info.plist */ = {isa = PBXFileReference; lastKnownFileType = text.plist.xml; path = Info.plist; sourceTree = "<group>"; };
		5B9E3EFD1B1DE2C9002454AD /* GroupTherapyTests.m */ = {isa = PBXFileReference; lastKnownFileType = sourcecode.c.objc; path = GroupTherapyTests.m; sourceTree = "<group>"; };
		5B9E3F071B1DE6A7002454AD /* TableViewController.h */ = {isa = PBXFileReference; fileEncoding = 4; lastKnownFileType = sourcecode.c.h; path = TableViewController.h; sourceTree = "<group>"; };
		5B9E3F081B1DE6A7002454AD /* TableViewController.m */ = {isa = PBXFileReference; fileEncoding = 4; lastKnownFileType = sourcecode.c.objc; path = TableViewController.m; sourceTree = "<group>"; };
/* End PBXFileReference section */

/* Begin PBXFrameworksBuildPhase section */
		5B9E3EDB1B1DE2C9002454AD /* Frameworks */ = {
			isa = PBXFrameworksBuildPhase;
			buildActionMask = 2147483647;
			files = (
			);
			runOnlyForDeploymentPostprocessing = 0;
		};
		5B9E3EF41B1DE2C9002454AD /* Frameworks */ = {
			isa = PBXFrameworksBuildPhase;
			buildActionMask = 2147483647;
			files = (
			);
			runOnlyForDeploymentPostprocessing = 0;
		};
/* End PBXFrameworksBuildPhase section */

/* Begin PBXGroup section */
		5B9E3ED51B1DE2C9002454AD = {
			isa = PBXGroup;
			children = (
				5B9E3EE01B1DE2C9002454AD /* GroupTherapy */,
				5B9E3EFA1B1DE2C9002454AD /* GroupTherapyTests */,
				5B9E3EDF1B1DE2C9002454AD /* Products */,
			);
			sourceTree = "<group>";
		};
		5B9E3EDF1B1DE2C9002454AD /* Products */ = {
			isa = PBXGroup;
			children = (
				5B9E3EDE1B1DE2C9002454AD /* GroupTherapy.app */,
				5B9E3EF71B1DE2C9002454AD /* GroupTherapyTests.xctest */,
			);
			name = Products;
			sourceTree = "<group>";
		};
		5B9E3EE01B1DE2C9002454AD /* GroupTherapy */ = {
			isa = PBXGroup;
			children = (
				5B9E3EE51B1DE2C9002454AD /* AppDelegate.h */,
				5B9E3EE61B1DE2C9002454AD /* AppDelegate.m */,
				5B9E3EEB1B1DE2C9002454AD /* Main.storyboard */,
				5B9E3F071B1DE6A7002454AD /* TableViewController.h */,
				5B9E3F081B1DE6A7002454AD /* TableViewController.m */,
				5B9E3EEE1B1DE2C9002454AD /* Images.xcassets */,
				5B9E3EF01B1DE2C9002454AD /* LaunchScreen.xib */,
				5B9E3EE11B1DE2C9002454AD /* Supporting Files */,
			);
			path = GroupTherapy;
			sourceTree = "<group>";
		};
		5B9E3EE11B1DE2C9002454AD /* Supporting Files */ = {
			isa = PBXGroup;
			children = (
				5B9E3EE21B1DE2C9002454AD /* Info.plist */,
				5B9E3EE31B1DE2C9002454AD /* main.m */,
			);
			name = "Supporting Files";
			sourceTree = "<group>";
		};
		5B9E3EFA1B1DE2C9002454AD /* GroupTherapyTests */ = {
			isa = PBXGroup;
			children = (
				5B9E3EFD1B1DE2C9002454AD /* GroupTherapyTests.m */,
				5B9E3EFB1B1DE2C9002454AD /* Supporting Files */,
			);
			path = GroupTherapyTests;
			sourceTree = "<group>";
		};
		5B9E3EFB1B1DE2C9002454AD /* Supporting Files */ = {
			isa = PBXGroup;
			children = (
				5B9E3EFC1B1DE2C9002454AD /* Info.plist */,
			);
			name = "Supporting Files";
			sourceTree = "<group>";
		};
/* End PBXGroup section */

/* Begin PBXNativeTarget section */
		5B9E3EDD1B1DE2C9002454AD /* GroupTherapy */ = {
			isa = PBXNativeTarget;
			buildConfigurationList = 5B9E3F011B1DE2C9002454AD /* Build configuration list for PBXNativeTarget "GroupTherapy" */;
			buildPhases = (
				5B9E3EDA1B1DE2C9002454AD /* Sources */,
				5B9E3EDB1B1DE2C9002454AD /* Frameworks */,
				5B9E3EDC1B1DE2C9002454AD /* Resources */,
			);
			buildRules = (
			);
			dependencies = (
			);
			name = GroupTherapy;
			productName = GroupTherapy;
			productReference = 5B9E3EDE1B1DE2C9002454AD /* GroupTherapy.app */;
			productType = "com.apple.product-type.application";
		};
		5B9E3EF61B1DE2C9002454AD /* GroupTherapyTests */ = {
			isa = PBXNativeTarget;
			buildConfigurationList = 5B9E3F041B1DE2C9002454AD /* Build configuration list for PBXNativeTarget "GroupTherapyTests" */;
			buildPhases = (
				5B9E3EF31B1DE2C9002454AD /* Sources */,
				5B9E3EF41B1DE2C9002454AD /* Frameworks */,
				5B9E3EF51B1DE2C9002454AD /* Resources */,
			);
			buildRules = (
			);
			dependencies = (
				5B9E3EF91B1DE2C9002454AD /* PBXTargetDependency */,
			);
			name = GroupTherapyTests;
			productName = GroupTherapyTests;
			productReference = 5B9E3EF71B1DE2C9002454AD /* GroupTherapyTests.xctest */;
			productType = "com.apple.product-type.bundle.unit-test";
		};
/* End PBXNativeTarget section */

/* Begin PBXProject section */
		5B9E3ED61B1DE2C9002454AD /* Project object */ = {
			isa = PBXProject;
			attributes = {
				LastUpgradeCheck = 0630;
				ORGANIZATIONNAME = "Reed Carson";
				TargetAttributes = {
					5B9E3EDD1B1DE2C9002454AD = {
						CreatedOnToolsVersion = 6.3.1;
					};
					5B9E3EF61B1DE2C9002454AD = {
						CreatedOnToolsVersion = 6.3.1;
						TestTargetID = 5B9E3EDD1B1DE2C9002454AD;
					};
				};
			};
			buildConfigurationList = 5B9E3ED91B1DE2C9002454AD /* Build configuration list for PBXProject "GroupTherapy" */;
			compatibilityVersion = "Xcode 3.2";
			developmentRegion = English;
			hasScannedForEncodings = 0;
			knownRegions = (
				en,
				Base,
			);
			mainGroup = 5B9E3ED51B1DE2C9002454AD;
			productRefGroup = 5B9E3EDF1B1DE2C9002454AD /* Products */;
			projectDirPath = "";
			projectRoot = "";
			targets = (
				5B9E3EDD1B1DE2C9002454AD /* GroupTherapy */,
				5B9E3EF61B1DE2C9002454AD /* GroupTherapyTests */,
			);
		};
/* End PBXProject section */

/* Begin PBXResourcesBuildPhase section */
		5B9E3EDC1B1DE2C9002454AD /* Resources */ = {
			isa = PBXResourcesBuildPhase;
			buildActionMask = 2147483647;
			files = (
				5B9E3EED1B1DE2C9002454AD /* Main.storyboard in Resources */,
				5B9E3EF21B1DE2C9002454AD /* LaunchScreen.xib in Resources */,
				5B9E3EEF1B1DE2C9002454AD /* Images.xcassets in Resources */,
			);
			runOnlyForDeploymentPostprocessing = 0;
		};
		5B9E3EF51B1DE2C9002454AD /* Resources */ = {
			isa = PBXResourcesBuildPhase;
			buildActionMask = 2147483647;
			files = (
			);
			runOnlyForDeploymentPostprocessing = 0;
		};
/* End PBXResourcesBuildPhase section */

/* Begin PBXSourcesBuildPhase section */
		5B9E3EDA1B1DE2C9002454AD /* Sources */ = {
			isa = PBXSourcesBuildPhase;
			buildActionMask = 2147483647;
			files = (
				5B9E3EE71B1DE2C9002454AD /* AppDelegate.m in Sources */,
				5B9E3EE41B1DE2C9002454AD /* main.m in Sources */,
				5B9E3F091B1DE6A7002454AD /* TableViewController.m in Sources */,
			);
			runOnlyForDeploymentPostprocessing = 0;
		};
		5B9E3EF31B1DE2C9002454AD /* Sources */ = {
			isa = PBXSourcesBuildPhase;
			buildActionMask = 2147483647;
			files = (
				5B9E3EFE1B1DE2C9002454AD /* GroupTherapyTests.m in Sources */,
			);
			runOnlyForDeploymentPostprocessing = 0;
		};
/* End PBXSourcesBuildPhase section */

/* Begin PBXTargetDependency section */
		5B9E3EF91B1DE2C9002454AD /* PBXTargetDependency */ = {
			isa = PBXTargetDependency;
			target = 5B9E3EDD1B1DE2C9002454AD /* GroupTherapy */;
			targetProxy = 5B9E3EF81B1DE2C9002454AD /* PBXContainerItemProxy */;
		};
/* End PBXTargetDependency section */

/* Begin PBXVariantGroup section */
		5B9E3EEB1B1DE2C9002454AD /* Main.storyboard */ = {
			isa = PBXVariantGroup;
			children = (
				5B9E3EEC1B1DE2C9002454AD /* Base */,
			);
			name = Main.storyboard;
			sourceTree = "<group>";
		};
		5B9E3EF01B1DE2C9002454AD /* LaunchScreen.xib */ = {
			isa = PBXVariantGroup;
			children = (
				5B9E3EF11B1DE2C9002454AD /* Base */,
			);
			name = LaunchScreen.xib;
			sourceTree = "<group>";
		};
/* End PBXVariantGroup section */

/* Begin XCBuildConfiguration section */
		5B9E3EFF1B1DE2C9002454AD /* Debug */ = {
			isa = XCBuildConfiguration;
			buildSettings = {
				ALWAYS_SEARCH_USER_PATHS = NO;
				CLANG_CXX_LANGUAGE_STANDARD = "gnu++0x";
				CLANG_CXX_LIBRARY = "libc++";
				CLANG_ENABLE_MODULES = YES;
				CLANG_ENABLE_OBJC_ARC = YES;
				CLANG_WARN_BOOL_CONVERSION = YES;
				CLANG_WARN_CONSTANT_CONVERSION = YES;
				CLANG_WARN_DIRECT_OBJC_ISA_USAGE = YES_ERROR;
				CLANG_WARN_EMPTY_BODY = YES;
				CLANG_WARN_ENUM_CONVERSION = YES;
				CLANG_WARN_INT_CONVERSION = YES;
				CLANG_WARN_OBJC_ROOT_CLASS = YES_ERROR;
				CLANG_WARN_UNREACHABLE_CODE = YES;
				CLANG_WARN__DUPLICATE_METHOD_MATCH = YES;
				"CODE_SIGN_IDENTITY[sdk=iphoneos*]" = "iPhone Developer";
				COPY_PHASE_STRIP = NO;
				DEBUG_INFORMATION_FORMAT = "dwarf-with-dsym";
				ENABLE_STRICT_OBJC_MSGSEND = YES;
				GCC_C_LANGUAGE_STANDARD = gnu99;
				GCC_DYNAMIC_NO_PIC = NO;
				GCC_NO_COMMON_BLOCKS = YES;
				GCC_OPTIMIZATION_LEVEL = 0;
				GCC_PREPROCESSOR_DEFINITIONS = (
					"DEBUG=1",
					"$(inherited)",
				);
				GCC_SYMBOLS_PRIVATE_EXTERN = NO;
				GCC_WARN_64_TO_32_BIT_CONVERSION = YES;
				GCC_WARN_ABOUT_RETURN_TYPE = YES_ERROR;
				GCC_WARN_UNDECLARED_SELECTOR = YES;
				GCC_WARN_UNINITIALIZED_AUTOS = YES_AGGRESSIVE;
				GCC_WARN_UNUSED_FUNCTION = YES;
				GCC_WARN_UNUSED_VARIABLE = YES;
				IPHONEOS_DEPLOYMENT_TARGET = 8.3;
				MTL_ENABLE_DEBUG_INFO = YES;
				ONLY_ACTIVE_ARCH = YES;
				SDKROOT = iphoneos;
			};
			name = Debug;
		};
		5B9E3F001B1DE2C9002454AD /* Release */ = {
			isa = XCBuildConfiguration;
			buildSettings = {
				ALWAYS_SEARCH_USER_PATHS = NO;
				CLANG_CXX_LANGUAGE_STANDARD = "gnu++0x";
				CLANG_CXX_LIBRARY = "libc++";
				CLANG_ENABLE_MODULES = YES;
				CLANG_ENABLE_OBJC_ARC = YES;
				CLANG_WARN_BOOL_CONVERSION = YES;
				CLANG_WARN_CONSTANT_CONVERSION = YES;
				CLANG_WARN_DIRECT_OBJC_ISA_USAGE = YES_ERROR;
				CLANG_WARN_EMPTY_BODY = YES;
				CLANG_WARN_ENUM_CONVERSION = YES;
				CLANG_WARN_INT_CONVERSION = YES;
				CLANG_WARN_OBJC_ROOT_CLASS = YES_ERROR;
				CLANG_WARN_UNREACHABLE_CODE = YES;
				CLANG_WARN__DUPLICATE_METHOD_MATCH = YES;
				"CODE_SIGN_IDENTITY[sdk=iphoneos*]" = "iPhone Developer";
				COPY_PHASE_STRIP = NO;
				DEBUG_INFORMATION_FORMAT = "dwarf-with-dsym";
				ENABLE_NS_ASSERTIONS = NO;
				ENABLE_STRICT_OBJC_MSGSEND = YES;
				GCC_C_LANGUAGE_STANDARD = gnu99;
				GCC_NO_COMMON_BLOCKS = YES;
				GCC_WARN_64_TO_32_BIT_CONVERSION = YES;
				GCC_WARN_ABOUT_RETURN_TYPE = YES_ERROR;
				GCC_WARN_UNDECLARED_SELECTOR = YES;
				GCC_WARN_UNINITIALIZED_AUTOS = YES_AGGRESSIVE;
				GCC_WARN_UNUSED_FUNCTION = YES;
				GCC_WARN_UNUSED_VARIABLE = YES;
				IPHONEOS_DEPLOYMENT_TARGET = 8.3;
				MTL_ENABLE_DEBUG_INFO = NO;
				SDKROOT = iphoneos;
				VALIDATE_PRODUCT = YES;
			};
			name = Release;
		};
		5B9E3F021B1DE2C9002454AD /* Debug */ = {
			isa = XCBuildConfiguration;
			buildSettings = {
				ASSETCATALOG_COMPILER_APPICON_NAME = AppIcon;
				INFOPLIST_FILE = GroupTherapy/Info.plist;
				LD_RUNPATH_SEARCH_PATHS = "$(inherited) @executable_path/Frameworks";
				PRODUCT_NAME = "$(TARGET_NAME)";
			};
			name = Debug;
		};
		5B9E3F031B1DE2C9002454AD /* Release */ = {
			isa = XCBuildConfiguration;
			buildSettings = {
				ASSETCATALOG_COMPILER_APPICON_NAME = AppIcon;
				INFOPLIST_FILE = GroupTherapy/Info.plist;
				LD_RUNPATH_SEARCH_PATHS = "$(inherited) @executable_path/Frameworks";
				PRODUCT_NAME = "$(TARGET_NAME)";
			};
			name = Release;
		};
		5B9E3F051B1DE2C9002454AD /* Debug */ = {
			isa = XCBuildConfiguration;
			buildSettings = {
				BUNDLE_LOADER = "$(TEST_HOST)";
				FRAMEWORK_SEARCH_PATHS = (
					"$(SDKROOT)/Developer/Library/Frameworks",
					"$(inherited)",
				);
				GCC_PREPROCESSOR_DEFINITIONS = (
					"DEBUG=1",
					"$(inherited)",
				);
				INFOPLIST_FILE = GroupTherapyTests/Info.plist;
				LD_RUNPATH_SEARCH_PATHS = "$(inherited) @executable_path/Frameworks @loader_path/Frameworks";
				PRODUCT_NAME = "$(TARGET_NAME)";
				TEST_HOST = "$(BUILT_PRODUCTS_DIR)/GroupTherapy.app/GroupTherapy";
			};
			name = Debug;
		};
		5B9E3F061B1DE2C9002454AD /* Release */ = {
			isa = XCBuildConfiguration;
			buildSettings = {
				BUNDLE_LOADER = "$(TEST_HOST)";
				FRAMEWORK_SEARCH_PATHS = (
					"$(SDKROOT)/Developer/Library/Frameworks",
					"$(inherited)",
				);
				INFOPLIST_FILE = GroupTherapyTests/Info.plist;
				LD_RUNPATH_SEARCH_PATHS = "$(inherited) @executable_path/Frameworks @loader_path/Frameworks";
				PRODUCT_NAME = "$(TARGET_NAME)";
				TEST_HOST = "$(BUILT_PRODUCTS_DIR)/GroupTherapy.app/GroupTherapy";
			};
			name = Release;
		};
/* End XCBuildConfiguration section */

/* Begin XCConfigurationList section */
		5B9E3ED91B1DE2C9002454AD /* Build configuration list for PBXProject "GroupTherapy" */ = {
			isa = XCConfigurationList;
			buildConfigurations = (
				5B9E3EFF1B1DE2C9002454AD /* Debug */,
				5B9E3F001B1DE2C9002454AD /* Release */,
			);
			defaultConfigurationIsVisible = 0;
			defaultConfigurationName = Release;
		};
		5B9E3F011B1DE2C9002454AD /* Build configuration list for PBXNativeTarget "GroupTherapy" */ = {
			isa = XCConfigurationList;
			buildConfigurations = (
				5B9E3F021B1DE2C9002454AD /* Debug */,
				5B9E3F031B1DE2C9002454AD /* Release */,
			);
			defaultConfigurationIsVisible = 0;
		};
		5B9E3F041B1DE2C9002454AD /* Build configuration list for PBXNativeTarget "GroupTherapyTests" */ = {
			isa = XCConfigurationList;
			buildConfigurations = (
				5B9E3F051B1DE2C9002454AD /* Debug */,
				5B9E3F061B1DE2C9002454AD /* Release */,
			);
			defaultConfigurationIsVisible = 0;
		};
/* End XCConfigurationList section */
	};
	rootObject = 5B9E3ED61B1DE2C9002454AD /* Project object */;
}
