// !$*UTF8*$!
{
	archiveVersion = 1;
	classes = {
	};
	objectVersion = 46;
	objects = {

/* Begin PBXBuildFile section */
		5B9605811B175DD2002FBAC0 /* AppDelegate.swift in Sources */ = {isa = PBXBuildFile; fileRef = 5B9605801B175DD2002FBAC0 /* AppDelegate.swift */; };
		5B9605831B175DD2002FBAC0 /* ViewController.swift in Sources */ = {isa = PBXBuildFile; fileRef = 5B9605821B175DD2002FBAC0 /* ViewController.swift */; };
		5B9605861B175DD2002FBAC0 /* Main.storyboard in Resources */ = {isa = PBXBuildFile; fileRef = 5B9605841B175DD2002FBAC0 /* Main.storyboard */; };
		5B9605881B175DD2002FBAC0 /* Images.xcassets in Resources */ = {isa = PBXBuildFile; fileRef = 5B9605871B175DD2002FBAC0 /* Images.xcassets */; };
		5B96058B1B175DD2002FBAC0 /* LaunchScreen.xib in Resources */ = {isa = PBXBuildFile; fileRef = 5B9605891B175DD2002FBAC0 /* LaunchScreen.xib */; };
		5B9605971B175DD2002FBAC0 /* FavoritesTests.swift in Sources */ = {isa = PBXBuildFile; fileRef = 5B9605961B175DD2002FBAC0 /* FavoritesTests.swift */; };
		5B9605A31B176279002FBAC0 /* Bolts.framework in Frameworks */ = {isa = PBXBuildFile; fileRef = 5B9605A11B176279002FBAC0 /* Bolts.framework */; };
		5B9605A41B176279002FBAC0 /* Parse.framework in Frameworks */ = {isa = PBXBuildFile; fileRef = 5B9605A21B176279002FBAC0 /* Parse.framework */; };
		5B9605A61B1762BC002FBAC0 /* AudioToolbox.framework in Frameworks */ = {isa = PBXBuildFile; fileRef = 5B9605A51B1762BC002FBAC0 /* AudioToolbox.framework */; };
		5B9605A81B1762C4002FBAC0 /* CFNetwork.framework in Frameworks */ = {isa = PBXBuildFile; fileRef = 5B9605A71B1762C4002FBAC0 /* CFNetwork.framework */; };
		5B9605AA1B1762CD002FBAC0 /* CoreGraphics.framework in Frameworks */ = {isa = PBXBuildFile; fileRef = 5B9605A91B1762CD002FBAC0 /* CoreGraphics.framework */; };
		5B9605AC1B1762D4002FBAC0 /* CoreLocation.framework in Frameworks */ = {isa = PBXBuildFile; fileRef = 5B9605AB1B1762D4002FBAC0 /* CoreLocation.framework */; };
		5B9605AE1B1762DA002FBAC0 /* MobileCoreServices.framework in Frameworks */ = {isa = PBXBuildFile; fileRef = 5B9605AD1B1762DA002FBAC0 /* MobileCoreServices.framework */; };
		5B9605B01B1762E9002FBAC0 /* QuartzCore.framework in Frameworks */ = {isa = PBXBuildFile; fileRef = 5B9605AF1B1762E9002FBAC0 /* QuartzCore.framework */; };
		5B9605B21B1762FB002FBAC0 /* Security.framework in Frameworks */ = {isa = PBXBuildFile; fileRef = 5B9605B11B1762FB002FBAC0 /* Security.framework */; };
		5B9605B41B176300002FBAC0 /* StoreKit.framework in Frameworks */ = {isa = PBXBuildFile; fileRef = 5B9605B31B176300002FBAC0 /* StoreKit.framework */; };
		5B9605B61B176307002FBAC0 /* SystemConfiguration.framework in Frameworks */ = {isa = PBXBuildFile; fileRef = 5B9605B51B176307002FBAC0 /* SystemConfiguration.framework */; };
		5B9605B81B17630F002FBAC0 /* libz.dylib in Frameworks */ = {isa = PBXBuildFile; fileRef = 5B9605B71B17630F002FBAC0 /* libz.dylib */; };
		5B9605BA1B17631C002FBAC0 /* libsqlite3.dylib in Frameworks */ = {isa = PBXBuildFile; fileRef = 5B9605B91B17631C002FBAC0 /* libsqlite3.dylib */; };
/* End PBXBuildFile section */

/* Begin PBXContainerItemProxy section */
		5B9605911B175DD2002FBAC0 /* PBXContainerItemProxy */ = {
			isa = PBXContainerItemProxy;
			containerPortal = 5B9605731B175DD2002FBAC0 /* Project object */;
			proxyType = 1;
			remoteGlobalIDString = 5B96057A1B175DD2002FBAC0;
			remoteInfo = Favorites;
		};
/* End PBXContainerItemProxy section */

/* Begin PBXFileReference section */
		5B96057B1B175DD2002FBAC0 /* Favorites.app */ = {isa = PBXFileReference; explicitFileType = wrapper.application; includeInIndex = 0; path = Favorites.app; sourceTree = BUILT_PRODUCTS_DIR; };
		5B96057F1B175DD2002FBAC0 /* Info.plist */ = {isa = PBXFileReference; lastKnownFileType = text.plist.xml; path = Info.plist; sourceTree = "<group>"; };
		5B9605801B175DD2002FBAC0 /* AppDelegate.swift */ = {isa = PBXFileReference; lastKnownFileType = sourcecode.swift; path = AppDelegate.swift; sourceTree = "<group>"; };
		5B9605821B175DD2002FBAC0 /* ViewController.swift */ = {isa = PBXFileReference; lastKnownFileType = sourcecode.swift; path = ViewController.swift; sourceTree = "<group>"; };
		5B9605851B175DD2002FBAC0 /* Base */ = {isa = PBXFileReference; lastKnownFileType = file.storyboard; name = Base; path = Base.lproj/Main.storyboard; sourceTree = "<group>"; };
		5B9605871B175DD2002FBAC0 /* Images.xcassets */ = {isa = PBXFileReference; lastKnownFileType = folder.assetcatalog; path = Images.xcassets; sourceTree = "<group>"; };
		5B96058A1B175DD2002FBAC0 /* Base */ = {isa = PBXFileReference; lastKnownFileType = file.xib; name = Base; path = Base.lproj/LaunchScreen.xib; sourceTree = "<group>"; };
		5B9605901B175DD2002FBAC0 /* FavoritesTests.xctest */ = {isa = PBXFileReference; explicitFileType = wrapper.cfbundle; includeInIndex = 0; path = FavoritesTests.xctest; sourceTree = BUILT_PRODUCTS_DIR; };
		5B9605951B175DD2002FBAC0 /* Info.plist */ = {isa = PBXFileReference; lastKnownFileType = text.plist.xml; path = Info.plist; sourceTree = "<group>"; };
		5B9605961B175DD2002FBAC0 /* FavoritesTests.swift */ = {isa = PBXFileReference; lastKnownFileType = sourcecode.swift; path = FavoritesTests.swift; sourceTree = "<group>"; };
		5B9605A11B176279002FBAC0 /* Bolts.framework */ = {isa = PBXFileReference; lastKnownFileType = wrapper.framework; path = Bolts.framework; sourceTree = "<group>"; };
		5B9605A21B176279002FBAC0 /* Parse.framework */ = {isa = PBXFileReference; lastKnownFileType = wrapper.framework; path = Parse.framework; sourceTree = "<group>"; };
		5B9605A51B1762BC002FBAC0 /* AudioToolbox.framework */ = {isa = PBXFileReference; lastKnownFileType = wrapper.framework; name = AudioToolbox.framework; path = System/Library/Frameworks/AudioToolbox.framework; sourceTree = SDKROOT; };
		5B9605A71B1762C4002FBAC0 /* CFNetwork.framework */ = {isa = PBXFileReference; lastKnownFileType = wrapper.framework; name = CFNetwork.framework; path = System/Library/Frameworks/CFNetwork.framework; sourceTree = SDKROOT; };
		5B9605A91B1762CD002FBAC0 /* CoreGraphics.framework */ = {isa = PBXFileReference; lastKnownFileType = wrapper.framework; name = CoreGraphics.framework; path = System/Library/Frameworks/CoreGraphics.framework; sourceTree = SDKROOT; };
		5B9605AB1B1762D4002FBAC0 /* CoreLocation.framework */ = {isa = PBXFileReference; lastKnownFileType = wrapper.framework; name = CoreLocation.framework; path = System/Library/Frameworks/CoreLocation.framework; sourceTree = SDKROOT; };
		5B9605AD1B1762DA002FBAC0 /* MobileCoreServices.framework */ = {isa = PBXFileReference; lastKnownFileType = wrapper.framework; name = MobileCoreServices.framework; path = System/Library/Frameworks/MobileCoreServices.framework; sourceTree = SDKROOT; };
		5B9605AF1B1762E9002FBAC0 /* QuartzCore.framework */ = {isa = PBXFileReference; lastKnownFileType = wrapper.framework; name = QuartzCore.framework; path = System/Library/Frameworks/QuartzCore.framework; sourceTree = SDKROOT; };
		5B9605B11B1762FB002FBAC0 /* Security.framework */ = {isa = PBXFileReference; lastKnownFileType = wrapper.framework; name = Security.framework; path = System/Library/Frameworks/Security.framework; sourceTree = SDKROOT; };
		5B9605B31B176300002FBAC0 /* StoreKit.framework */ = {isa = PBXFileReference; lastKnownFileType = wrapper.framework; name = StoreKit.framework; path = System/Library/Frameworks/StoreKit.framework; sourceTree = SDKROOT; };
		5B9605B51B176307002FBAC0 /* SystemConfiguration.framework */ = {isa = PBXFileReference; lastKnownFileType = wrapper.framework; name = SystemConfiguration.framework; path = System/Library/Frameworks/SystemConfiguration.framework; sourceTree = SDKROOT; };
		5B9605B71B17630F002FBAC0 /* libz.dylib */ = {isa = PBXFileReference; lastKnownFileType = "compiled.mach-o.dylib"; name = libz.dylib; path = usr/lib/libz.dylib; sourceTree = SDKROOT; };
		5B9605B91B17631C002FBAC0 /* libsqlite3.dylib */ = {isa = PBXFileReference; lastKnownFileType = "compiled.mach-o.dylib"; name = libsqlite3.dylib; path = usr/lib/libsqlite3.dylib; sourceTree = SDKROOT; };
/* End PBXFileReference section */

/* Begin PBXFrameworksBuildPhase section */
		5B9605781B175DD2002FBAC0 /* Frameworks */ = {
			isa = PBXFrameworksBuildPhase;
			buildActionMask = 2147483647;
			files = (
				5B9605BA1B17631C002FBAC0 /* libsqlite3.dylib in Frameworks */,
				5B9605B81B17630F002FBAC0 /* libz.dylib in Frameworks */,
				5B9605B61B176307002FBAC0 /* SystemConfiguration.framework in Frameworks */,
				5B9605B41B176300002FBAC0 /* StoreKit.framework in Frameworks */,
				5B9605B21B1762FB002FBAC0 /* Security.framework in Frameworks */,
				5B9605AE1B1762DA002FBAC0 /* MobileCoreServices.framework in Frameworks */,
				5B9605B01B1762E9002FBAC0 /* QuartzCore.framework in Frameworks */,
				5B9605AC1B1762D4002FBAC0 /* CoreLocation.framework in Frameworks */,
				5B9605AA1B1762CD002FBAC0 /* CoreGraphics.framework in Frameworks */,
				5B9605A81B1762C4002FBAC0 /* CFNetwork.framework in Frameworks */,
				5B9605A61B1762BC002FBAC0 /* AudioToolbox.framework in Frameworks */,
				5B9605A41B176279002FBAC0 /* Parse.framework in Frameworks */,
				5B9605A31B176279002FBAC0 /* Bolts.framework in Frameworks */,
			);
			runOnlyForDeploymentPostprocessing = 0;
		};
		5B96058D1B175DD2002FBAC0 /* Frameworks */ = {
			isa = PBXFrameworksBuildPhase;
			buildActionMask = 2147483647;
			files = (
			);
			runOnlyForDeploymentPostprocessing = 0;
		};
/* End PBXFrameworksBuildPhase section */

/* Begin PBXGroup section */
		5B9605721B175DD2002FBAC0 = {
			isa = PBXGroup;
			children = (
				5B96057D1B175DD2002FBAC0 /* Favorites */,
				5B9605931B175DD2002FBAC0 /* FavoritesTests */,
				5B96057C1B175DD2002FBAC0 /* Products */,
			);
			sourceTree = "<group>";
		};
		5B96057C1B175DD2002FBAC0 /* Products */ = {
			isa = PBXGroup;
			children = (
				5B96057B1B175DD2002FBAC0 /* Favorites.app */,
				5B9605901B175DD2002FBAC0 /* FavoritesTests.xctest */,
			);
			name = Products;
			sourceTree = "<group>";
		};
		5B96057D1B175DD2002FBAC0 /* Favorites */ = {
			isa = PBXGroup;
			children = (
				5B9605801B175DD2002FBAC0 /* AppDelegate.swift */,
				5B9605821B175DD2002FBAC0 /* ViewController.swift */,
				5B9605841B175DD2002FBAC0 /* Main.storyboard */,
				5B9605871B175DD2002FBAC0 /* Images.xcassets */,
				5B9605891B175DD2002FBAC0 /* LaunchScreen.xib */,
				5B9605A01B176253002FBAC0 /* Frameworks */,
				5B96057E1B175DD2002FBAC0 /* Supporting Files */,
			);
			path = Favorites;
			sourceTree = "<group>";
		};
		5B96057E1B175DD2002FBAC0 /* Supporting Files */ = {
			isa = PBXGroup;
			children = (
				5B96057F1B175DD2002FBAC0 /* Info.plist */,
			);
			name = "Supporting Files";
			sourceTree = "<group>";
		};
		5B9605931B175DD2002FBAC0 /* FavoritesTests */ = {
			isa = PBXGroup;
			children = (
				5B9605961B175DD2002FBAC0 /* FavoritesTests.swift */,
				5B9605941B175DD2002FBAC0 /* Supporting Files */,
			);
			path = FavoritesTests;
			sourceTree = "<group>";
		};
		5B9605941B175DD2002FBAC0 /* Supporting Files */ = {
			isa = PBXGroup;
			children = (
				5B9605951B175DD2002FBAC0 /* Info.plist */,
			);
			name = "Supporting Files";
			sourceTree = "<group>";
		};
		5B9605A01B176253002FBAC0 /* Frameworks */ = {
			isa = PBXGroup;
			children = (
				5B9605B91B17631C002FBAC0 /* libsqlite3.dylib */,
				5B9605B71B17630F002FBAC0 /* libz.dylib */,
				5B9605B51B176307002FBAC0 /* SystemConfiguration.framework */,
				5B9605B31B176300002FBAC0 /* StoreKit.framework */,
				5B9605B11B1762FB002FBAC0 /* Security.framework */,
				5B9605AF1B1762E9002FBAC0 /* QuartzCore.framework */,
				5B9605AD1B1762DA002FBAC0 /* MobileCoreServices.framework */,
				5B9605AB1B1762D4002FBAC0 /* CoreLocation.framework */,
				5B9605A91B1762CD002FBAC0 /* CoreGraphics.framework */,
				5B9605A71B1762C4002FBAC0 /* CFNetwork.framework */,
				5B9605A51B1762BC002FBAC0 /* AudioToolbox.framework */,
				5B9605A11B176279002FBAC0 /* Bolts.framework */,
				5B9605A21B176279002FBAC0 /* Parse.framework */,
			);
			name = Frameworks;
			sourceTree = "<group>";
		};
/* End PBXGroup section */

/* Begin PBXNativeTarget section */
		5B96057A1B175DD2002FBAC0 /* Favorites */ = {
			isa = PBXNativeTarget;
			buildConfigurationList = 5B96059A1B175DD2002FBAC0 /* Build configuration list for PBXNativeTarget "Favorites" */;
			buildPhases = (
				5B9605771B175DD2002FBAC0 /* Sources */,
				5B9605781B175DD2002FBAC0 /* Frameworks */,
				5B9605791B175DD2002FBAC0 /* Resources */,
			);
			buildRules = (
			);
			dependencies = (
			);
			name = Favorites;
			productName = Favorites;
			productReference = 5B96057B1B175DD2002FBAC0 /* Favorites.app */;
			productType = "com.apple.product-type.application";
		};
		5B96058F1B175DD2002FBAC0 /* FavoritesTests */ = {
			isa = PBXNativeTarget;
			buildConfigurationList = 5B96059D1B175DD2002FBAC0 /* Build configuration list for PBXNativeTarget "FavoritesTests" */;
			buildPhases = (
				5B96058C1B175DD2002FBAC0 /* Sources */,
				5B96058D1B175DD2002FBAC0 /* Frameworks */,
				5B96058E1B175DD2002FBAC0 /* Resources */,
			);
			buildRules = (
			);
			dependencies = (
				5B9605921B175DD2002FBAC0 /* PBXTargetDependency */,
			);
			name = FavoritesTests;
			productName = FavoritesTests;
			productReference = 5B9605901B175DD2002FBAC0 /* FavoritesTests.xctest */;
			productType = "com.apple.product-type.bundle.unit-test";
		};
/* End PBXNativeTarget section */

/* Begin PBXProject section */
		5B9605731B175DD2002FBAC0 /* Project object */ = {
			isa = PBXProject;
			attributes = {
				LastUpgradeCheck = 0630;
				ORGANIZATIONNAME = "Reed Carson";
				TargetAttributes = {
					5B96057A1B175DD2002FBAC0 = {
						CreatedOnToolsVersion = 6.3.1;
					};
					5B96058F1B175DD2002FBAC0 = {
						CreatedOnToolsVersion = 6.3.1;
						TestTargetID = 5B96057A1B175DD2002FBAC0;
					};
				};
			};
			buildConfigurationList = 5B9605761B175DD2002FBAC0 /* Build configuration list for PBXProject "Favorites" */;
			compatibilityVersion = "Xcode 3.2";
			developmentRegion = English;
			hasScannedForEncodings = 0;
			knownRegions = (
				en,
				Base,
			);
			mainGroup = 5B9605721B175DD2002FBAC0;
			productRefGroup = 5B96057C1B175DD2002FBAC0 /* Products */;
			projectDirPath = "";
			projectRoot = "";
			targets = (
				5B96057A1B175DD2002FBAC0 /* Favorites */,
				5B96058F1B175DD2002FBAC0 /* FavoritesTests */,
			);
		};
/* End PBXProject section */

/* Begin PBXResourcesBuildPhase section */
		5B9605791B175DD2002FBAC0 /* Resources */ = {
			isa = PBXResourcesBuildPhase;
			buildActionMask = 2147483647;
			files = (
				5B9605861B175DD2002FBAC0 /* Main.storyboard in Resources */,
				5B96058B1B175DD2002FBAC0 /* LaunchScreen.xib in Resources */,
				5B9605881B175DD2002FBAC0 /* Images.xcassets in Resources */,
			);
			runOnlyForDeploymentPostprocessing = 0;
		};
		5B96058E1B175DD2002FBAC0 /* Resources */ = {
			isa = PBXResourcesBuildPhase;
			buildActionMask = 2147483647;
			files = (
			);
			runOnlyForDeploymentPostprocessing = 0;
		};
/* End PBXResourcesBuildPhase section */

/* Begin PBXSourcesBuildPhase section */
		5B9605771B175DD2002FBAC0 /* Sources */ = {
			isa = PBXSourcesBuildPhase;
			buildActionMask = 2147483647;
			files = (
				5B9605831B175DD2002FBAC0 /* ViewController.swift in Sources */,
				5B9605811B175DD2002FBAC0 /* AppDelegate.swift in Sources */,
			);
			runOnlyForDeploymentPostprocessing = 0;
		};
		5B96058C1B175DD2002FBAC0 /* Sources */ = {
			isa = PBXSourcesBuildPhase;
			buildActionMask = 2147483647;
			files = (
				5B9605971B175DD2002FBAC0 /* FavoritesTests.swift in Sources */,
			);
			runOnlyForDeploymentPostprocessing = 0;
		};
/* End PBXSourcesBuildPhase section */

/* Begin PBXTargetDependency section */
		5B9605921B175DD2002FBAC0 /* PBXTargetDependency */ = {
			isa = PBXTargetDependency;
			target = 5B96057A1B175DD2002FBAC0 /* Favorites */;
			targetProxy = 5B9605911B175DD2002FBAC0 /* PBXContainerItemProxy */;
		};
/* End PBXTargetDependency section */

/* Begin PBXVariantGroup section */
		5B9605841B175DD2002FBAC0 /* Main.storyboard */ = {
			isa = PBXVariantGroup;
			children = (
				5B9605851B175DD2002FBAC0 /* Base */,
			);
			name = Main.storyboard;
			sourceTree = "<group>";
		};
		5B9605891B175DD2002FBAC0 /* LaunchScreen.xib */ = {
			isa = PBXVariantGroup;
			children = (
				5B96058A1B175DD2002FBAC0 /* Base */,
			);
			name = LaunchScreen.xib;
			sourceTree = "<group>";
		};
/* End PBXVariantGroup section */

/* Begin XCBuildConfiguration section */
		5B9605981B175DD2002FBAC0 /* Debug */ = {
			isa = XCBuildConfiguration;
			buildSettings = {
				ALWAYS_SEARCH_USER_PATHS = NO;
				CLANG_CXX_LANGUAGE_STANDARD = "gnu++0x";
				CLANG_CXX_LIBRARY = "libc++";
				CLANG_ENABLE_MODULES = YES;
				CLANG_ENABLE_OBJC_ARC = YES;
				CLANG_WARN_BOOL_CONVERSION = YES;
				CLANG_WARN_CONSTANT_CONVERSION = YES;
				CLANG_WARN_DIRECT_OBJC_ISA_USAGE = YES_ERROR;
				CLANG_WARN_EMPTY_BODY = YES;
				CLANG_WARN_ENUM_CONVERSION = YES;
				CLANG_WARN_INT_CONVERSION = YES;
				CLANG_WARN_OBJC_ROOT_CLASS = YES_ERROR;
				CLANG_WARN_UNREACHABLE_CODE = YES;
				CLANG_WARN__DUPLICATE_METHOD_MATCH = YES;
				"CODE_SIGN_IDENTITY[sdk=iphoneos*]" = "iPhone Developer";
				COPY_PHASE_STRIP = NO;
				DEBUG_INFORMATION_FORMAT = "dwarf-with-dsym";
				ENABLE_STRICT_OBJC_MSGSEND = YES;
				GCC_C_LANGUAGE_STANDARD = gnu99;
				GCC_DYNAMIC_NO_PIC = NO;
				GCC_NO_COMMON_BLOCKS = YES;
				GCC_OPTIMIZATION_LEVEL = 0;
				GCC_PREPROCESSOR_DEFINITIONS = (
					"DEBUG=1",
					"$(inherited)",
				);
				GCC_SYMBOLS_PRIVATE_EXTERN = NO;
				GCC_WARN_64_TO_32_BIT_CONVERSION = YES;
				GCC_WARN_ABOUT_RETURN_TYPE = YES_ERROR;
				GCC_WARN_UNDECLARED_SELECTOR = YES;
				GCC_WARN_UNINITIALIZED_AUTOS = YES_AGGRESSIVE;
				GCC_WARN_UNUSED_FUNCTION = YES;
				GCC_WARN_UNUSED_VARIABLE = YES;
				IPHONEOS_DEPLOYMENT_TARGET = 8.3;
				MTL_ENABLE_DEBUG_INFO = YES;
				ONLY_ACTIVE_ARCH = YES;
				SDKROOT = iphoneos;
				SWIFT_OPTIMIZATION_LEVEL = "-Onone";
			};
			name = Debug;
		};
		5B9605991B175DD2002FBAC0 /* Release */ = {
			isa = XCBuildConfiguration;
			buildSettings = {
				ALWAYS_SEARCH_USER_PATHS = NO;
				CLANG_CXX_LANGUAGE_STANDARD = "gnu++0x";
				CLANG_CXX_LIBRARY = "libc++";
				CLANG_ENABLE_MODULES = YES;
				CLANG_ENABLE_OBJC_ARC = YES;
				CLANG_WARN_BOOL_CONVERSION = YES;
				CLANG_WARN_CONSTANT_CONVERSION = YES;
				CLANG_WARN_DIRECT_OBJC_ISA_USAGE = YES_ERROR;
				CLANG_WARN_EMPTY_BODY = YES;
				CLANG_WARN_ENUM_CONVERSION = YES;
				CLANG_WARN_INT_CONVERSION = YES;
				CLANG_WARN_OBJC_ROOT_CLASS = YES_ERROR;
				CLANG_WARN_UNREACHABLE_CODE = YES;
				CLANG_WARN__DUPLICATE_METHOD_MATCH = YES;
				"CODE_SIGN_IDENTITY[sdk=iphoneos*]" = "iPhone Developer";
				COPY_PHASE_STRIP = NO;
				DEBUG_INFORMATION_FORMAT = "dwarf-with-dsym";
				ENABLE_NS_ASSERTIONS = NO;
				ENABLE_STRICT_OBJC_MSGSEND = YES;
				GCC_C_LANGUAGE_STANDARD = gnu99;
				GCC_NO_COMMON_BLOCKS = YES;
				GCC_WARN_64_TO_32_BIT_CONVERSION = YES;
				GCC_WARN_ABOUT_RETURN_TYPE = YES_ERROR;
				GCC_WARN_UNDECLARED_SELECTOR = YES;
				GCC_WARN_UNINITIALIZED_AUTOS = YES_AGGRESSIVE;
				GCC_WARN_UNUSED_FUNCTION = YES;
				GCC_WARN_UNUSED_VARIABLE = YES;
				IPHONEOS_DEPLOYMENT_TARGET = 8.3;
				MTL_ENABLE_DEBUG_INFO = NO;
				SDKROOT = iphoneos;
				VALIDATE_PRODUCT = YES;
			};
			name = Release;
		};
		5B96059B1B175DD2002FBAC0 /* Debug */ = {
			isa = XCBuildConfiguration;
			buildSettings = {
				ASSETCATALOG_COMPILER_APPICON_NAME = AppIcon;
				FRAMEWORK_SEARCH_PATHS = (
					"$(inherited)",
					"$(PROJECT_DIR)/Favorites",
				);
				INFOPLIST_FILE = Favorites/Info.plist;
				LD_RUNPATH_SEARCH_PATHS = "$(inherited) @executable_path/Frameworks";
				PRODUCT_NAME = "$(TARGET_NAME)";
			};
			name = Debug;
		};
		5B96059C1B175DD2002FBAC0 /* Release */ = {
			isa = XCBuildConfiguration;
			buildSettings = {
				ASSETCATALOG_COMPILER_APPICON_NAME = AppIcon;
				FRAMEWORK_SEARCH_PATHS = (
					"$(inherited)",
					"$(PROJECT_DIR)/Favorites",
				);
				INFOPLIST_FILE = Favorites/Info.plist;
				LD_RUNPATH_SEARCH_PATHS = "$(inherited) @executable_path/Frameworks";
				PRODUCT_NAME = "$(TARGET_NAME)";
			};
			name = Release;
		};
		5B96059E1B175DD2002FBAC0 /* Debug */ = {
			isa = XCBuildConfiguration;
			buildSettings = {
				BUNDLE_LOADER = "$(TEST_HOST)";
				FRAMEWORK_SEARCH_PATHS = (
					"$(SDKROOT)/Developer/Library/Frameworks",
					"$(inherited)",
				);
				GCC_PREPROCESSOR_DEFINITIONS = (
					"DEBUG=1",
					"$(inherited)",
				);
				INFOPLIST_FILE = FavoritesTests/Info.plist;
				LD_RUNPATH_SEARCH_PATHS = "$(inherited) @executable_path/Frameworks @loader_path/Frameworks";
				PRODUCT_NAME = "$(TARGET_NAME)";
				TEST_HOST = "$(BUILT_PRODUCTS_DIR)/Favorites.app/Favorites";
			};
			name = Debug;
		};
		5B96059F1B175DD2002FBAC0 /* Release */ = {
			isa = XCBuildConfiguration;
			buildSettings = {
				BUNDLE_LOADER = "$(TEST_HOST)";
				FRAMEWORK_SEARCH_PATHS = (
					"$(SDKROOT)/Developer/Library/Frameworks",
					"$(inherited)",
				);
				INFOPLIST_FILE = FavoritesTests/Info.plist;
				LD_RUNPATH_SEARCH_PATHS = "$(inherited) @executable_path/Frameworks @loader_path/Frameworks";
				PRODUCT_NAME = "$(TARGET_NAME)";
				TEST_HOST = "$(BUILT_PRODUCTS_DIR)/Favorites.app/Favorites";
			};
			name = Release;
		};
/* End XCBuildConfiguration section */

/* Begin XCConfigurationList section */
		5B9605761B175DD2002FBAC0 /* Build configuration list for PBXProject "Favorites" */ = {
			isa = XCConfigurationList;
			buildConfigurations = (
				5B9605981B175DD2002FBAC0 /* Debug */,
				5B9605991B175DD2002FBAC0 /* Release */,
			);
			defaultConfigurationIsVisible = 0;
			defaultConfigurationName = Release;
		};
		5B96059A1B175DD2002FBAC0 /* Build configuration list for PBXNativeTarget "Favorites" */ = {
			isa = XCConfigurationList;
			buildConfigurations = (
				5B96059B1B175DD2002FBAC0 /* Debug */,
				5B96059C1B175DD2002FBAC0 /* Release */,
			);
			defaultConfigurationIsVisible = 0;
		};
		5B96059D1B175DD2002FBAC0 /* Build configuration list for PBXNativeTarget "FavoritesTests" */ = {
			isa = XCConfigurationList;
			buildConfigurations = (
				5B96059E1B175DD2002FBAC0 /* Debug */,
				5B96059F1B175DD2002FBAC0 /* Release */,
			);
			defaultConfigurationIsVisible = 0;
		};
/* End XCConfigurationList section */
	};
	rootObject = 5B9605731B175DD2002FBAC0 /* Project object */;
}
