// !$*UTF8*$!
{
	archiveVersion = 1;
	classes = {
	};
	objectVersion = 46;
	objects = {

/* Begin PBXBuildFile section */
		5B785B801B3C422F00DE6B0B /* AppDelegate.swift in Sources */ = {isa = PBXBuildFile; fileRef = 5B785B7F1B3C422F00DE6B0B /* AppDelegate.swift */; };
		5B785B821B3C422F00DE6B0B /* ViewController.swift in Sources */ = {isa = PBXBuildFile; fileRef = 5B785B811B3C422F00DE6B0B /* ViewController.swift */; };
		5B785B851B3C422F00DE6B0B /* Main.storyboard in Resources */ = {isa = PBXBuildFile; fileRef = 5B785B831B3C422F00DE6B0B /* Main.storyboard */; };
		5B785B871B3C422F00DE6B0B /* Images.xcassets in Resources */ = {isa = PBXBuildFile; fileRef = 5B785B861B3C422F00DE6B0B /* Images.xcassets */; };
		5B785B8A1B3C422F00DE6B0B /* LaunchScreen.xib in Resources */ = {isa = PBXBuildFile; fileRef = 5B785B881B3C422F00DE6B0B /* LaunchScreen.xib */; };
		5B785B961B3C422F00DE6B0B /* MaskTests.swift in Sources */ = {isa = PBXBuildFile; fileRef = 5B785B951B3C422F00DE6B0B /* MaskTests.swift */; };
/* End PBXBuildFile section */

/* Begin PBXContainerItemProxy section */
		5B785B901B3C422F00DE6B0B /* PBXContainerItemProxy */ = {
			isa = PBXContainerItemProxy;
			containerPortal = 5B785B721B3C422F00DE6B0B /* Project object */;
			proxyType = 1;
			remoteGlobalIDString = 5B785B791B3C422F00DE6B0B;
			remoteInfo = Mask;
		};
/* End PBXContainerItemProxy section */

/* Begin PBXFileReference section */
		5B785B7A1B3C422F00DE6B0B /* Mask.app */ = {isa = PBXFileReference; explicitFileType = wrapper.application; includeInIndex = 0; path = Mask.app; sourceTree = BUILT_PRODUCTS_DIR; };
		5B785B7E1B3C422F00DE6B0B /* Info.plist */ = {isa = PBXFileReference; lastKnownFileType = text.plist.xml; path = Info.plist; sourceTree = "<group>"; };
		5B785B7F1B3C422F00DE6B0B /* AppDelegate.swift */ = {isa = PBXFileReference; lastKnownFileType = sourcecode.swift; path = AppDelegate.swift; sourceTree = "<group>"; };
		5B785B811B3C422F00DE6B0B /* ViewController.swift */ = {isa = PBXFileReference; lastKnownFileType = sourcecode.swift; path = ViewController.swift; sourceTree = "<group>"; };
		5B785B841B3C422F00DE6B0B /* Base */ = {isa = PBXFileReference; lastKnownFileType = file.storyboard; name = Base; path = Base.lproj/Main.storyboard; sourceTree = "<group>"; };
		5B785B861B3C422F00DE6B0B /* Images.xcassets */ = {isa = PBXFileReference; lastKnownFileType = folder.assetcatalog; path = Images.xcassets; sourceTree = "<group>"; };
		5B785B891B3C422F00DE6B0B /* Base */ = {isa = PBXFileReference; lastKnownFileType = file.xib; name = Base; path = Base.lproj/LaunchScreen.xib; sourceTree = "<group>"; };
		5B785B8F1B3C422F00DE6B0B /* MaskTests.xctest */ = {isa = PBXFileReference; explicitFileType = wrapper.cfbundle; includeInIndex = 0; path = MaskTests.xctest; sourceTree = BUILT_PRODUCTS_DIR; };
		5B785B941B3C422F00DE6B0B /* Info.plist */ = {isa = PBXFileReference; lastKnownFileType = text.plist.xml; path = Info.plist; sourceTree = "<group>"; };
		5B785B951B3C422F00DE6B0B /* MaskTests.swift */ = {isa = PBXFileReference; lastKnownFileType = sourcecode.swift; path = MaskTests.swift; sourceTree = "<group>"; };
/* End PBXFileReference section */

/* Begin PBXFrameworksBuildPhase section */
		5B785B771B3C422F00DE6B0B /* Frameworks */ = {
			isa = PBXFrameworksBuildPhase;
			buildActionMask = 2147483647;
			files = (
			);
			runOnlyForDeploymentPostprocessing = 0;
		};
		5B785B8C1B3C422F00DE6B0B /* Frameworks */ = {
			isa = PBXFrameworksBuildPhase;
			buildActionMask = 2147483647;
			files = (
			);
			runOnlyForDeploymentPostprocessing = 0;
		};
/* End PBXFrameworksBuildPhase section */

/* Begin PBXGroup section */
		5B785B711B3C422F00DE6B0B = {
			isa = PBXGroup;
			children = (
				5B785B7C1B3C422F00DE6B0B /* Mask */,
				5B785B921B3C422F00DE6B0B /* MaskTests */,
				5B785B7B1B3C422F00DE6B0B /* Products */,
			);
			sourceTree = "<group>";
		};
		5B785B7B1B3C422F00DE6B0B /* Products */ = {
			isa = PBXGroup;
			children = (
				5B785B7A1B3C422F00DE6B0B /* Mask.app */,
				5B785B8F1B3C422F00DE6B0B /* MaskTests.xctest */,
			);
			name = Products;
			sourceTree = "<group>";
		};
		5B785B7C1B3C422F00DE6B0B /* Mask */ = {
			isa = PBXGroup;
			children = (
				5B785B7F1B3C422F00DE6B0B /* AppDelegate.swift */,
				5B785B811B3C422F00DE6B0B /* ViewController.swift */,
				5B785B831B3C422F00DE6B0B /* Main.storyboard */,
				5B785B861B3C422F00DE6B0B /* Images.xcassets */,
				5B785B881B3C422F00DE6B0B /* LaunchScreen.xib */,
				5B785B7D1B3C422F00DE6B0B /* Supporting Files */,
			);
			path = Mask;
			sourceTree = "<group>";
		};
		5B785B7D1B3C422F00DE6B0B /* Supporting Files */ = {
			isa = PBXGroup;
			children = (
				5B785B7E1B3C422F00DE6B0B /* Info.plist */,
			);
			name = "Supporting Files";
			sourceTree = "<group>";
		};
		5B785B921B3C422F00DE6B0B /* MaskTests */ = {
			isa = PBXGroup;
			children = (
				5B785B951B3C422F00DE6B0B /* MaskTests.swift */,
				5B785B931B3C422F00DE6B0B /* Supporting Files */,
			);
			path = MaskTests;
			sourceTree = "<group>";
		};
		5B785B931B3C422F00DE6B0B /* Supporting Files */ = {
			isa = PBXGroup;
			children = (
				5B785B941B3C422F00DE6B0B /* Info.plist */,
			);
			name = "Supporting Files";
			sourceTree = "<group>";
		};
/* End PBXGroup section */

/* Begin PBXNativeTarget section */
		5B785B791B3C422F00DE6B0B /* Mask */ = {
			isa = PBXNativeTarget;
			buildConfigurationList = 5B785B991B3C422F00DE6B0B /* Build configuration list for PBXNativeTarget "Mask" */;
			buildPhases = (
				5B785B761B3C422F00DE6B0B /* Sources */,
				5B785B771B3C422F00DE6B0B /* Frameworks */,
				5B785B781B3C422F00DE6B0B /* Resources */,
			);
			buildRules = (
			);
			dependencies = (
			);
			name = Mask;
			productName = Mask;
			productReference = 5B785B7A1B3C422F00DE6B0B /* Mask.app */;
			productType = "com.apple.product-type.application";
		};
		5B785B8E1B3C422F00DE6B0B /* MaskTests */ = {
			isa = PBXNativeTarget;
			buildConfigurationList = 5B785B9C1B3C422F00DE6B0B /* Build configuration list for PBXNativeTarget "MaskTests" */;
			buildPhases = (
				5B785B8B1B3C422F00DE6B0B /* Sources */,
				5B785B8C1B3C422F00DE6B0B /* Frameworks */,
				5B785B8D1B3C422F00DE6B0B /* Resources */,
			);
			buildRules = (
			);
			dependencies = (
				5B785B911B3C422F00DE6B0B /* PBXTargetDependency */,
			);
			name = MaskTests;
			productName = MaskTests;
			productReference = 5B785B8F1B3C422F00DE6B0B /* MaskTests.xctest */;
			productType = "com.apple.product-type.bundle.unit-test";
		};
/* End PBXNativeTarget section */

/* Begin PBXProject section */
		5B785B721B3C422F00DE6B0B /* Project object */ = {
			isa = PBXProject;
			attributes = {
				LastUpgradeCheck = 0630;
				ORGANIZATIONNAME = "Reed Carson";
				TargetAttributes = {
					5B785B791B3C422F00DE6B0B = {
						CreatedOnToolsVersion = 6.3.1;
					};
					5B785B8E1B3C422F00DE6B0B = {
						CreatedOnToolsVersion = 6.3.1;
						TestTargetID = 5B785B791B3C422F00DE6B0B;
					};
				};
			};
			buildConfigurationList = 5B785B751B3C422F00DE6B0B /* Build configuration list for PBXProject "Mask" */;
			compatibilityVersion = "Xcode 3.2";
			developmentRegion = English;
			hasScannedForEncodings = 0;
			knownRegions = (
				en,
				Base,
			);
			mainGroup = 5B785B711B3C422F00DE6B0B;
			productRefGroup = 5B785B7B1B3C422F00DE6B0B /* Products */;
			projectDirPath = "";
			projectRoot = "";
			targets = (
				5B785B791B3C422F00DE6B0B /* Mask */,
				5B785B8E1B3C422F00DE6B0B /* MaskTests */,
			);
		};
/* End PBXProject section */

/* Begin PBXResourcesBuildPhase section */
		5B785B781B3C422F00DE6B0B /* Resources */ = {
			isa = PBXResourcesBuildPhase;
			buildActionMask = 2147483647;
			files = (
				5B785B851B3C422F00DE6B0B /* Main.storyboard in Resources */,
				5B785B8A1B3C422F00DE6B0B /* LaunchScreen.xib in Resources */,
				5B785B871B3C422F00DE6B0B /* Images.xcassets in Resources */,
			);
			runOnlyForDeploymentPostprocessing = 0;
		};
		5B785B8D1B3C422F00DE6B0B /* Resources */ = {
			isa = PBXResourcesBuildPhase;
			buildActionMask = 2147483647;
			files = (
			);
			runOnlyForDeploymentPostprocessing = 0;
		};
/* End PBXResourcesBuildPhase section */

/* Begin PBXSourcesBuildPhase section */
		5B785B761B3C422F00DE6B0B /* Sources */ = {
			isa = PBXSourcesBuildPhase;
			buildActionMask = 2147483647;
			files = (
				5B785B821B3C422F00DE6B0B /* ViewController.swift in Sources */,
				5B785B801B3C422F00DE6B0B /* AppDelegate.swift in Sources */,
			);
			runOnlyForDeploymentPostprocessing = 0;
		};
		5B785B8B1B3C422F00DE6B0B /* Sources */ = {
			isa = PBXSourcesBuildPhase;
			buildActionMask = 2147483647;
			files = (
				5B785B961B3C422F00DE6B0B /* MaskTests.swift in Sources */,
			);
			runOnlyForDeploymentPostprocessing = 0;
		};
/* End PBXSourcesBuildPhase section */

/* Begin PBXTargetDependency section */
		5B785B911B3C422F00DE6B0B /* PBXTargetDependency */ = {
			isa = PBXTargetDependency;
			target = 5B785B791B3C422F00DE6B0B /* Mask */;
			targetProxy = 5B785B901B3C422F00DE6B0B /* PBXContainerItemProxy */;
		};
/* End PBXTargetDependency section */

/* Begin PBXVariantGroup section */
		5B785B831B3C422F00DE6B0B /* Main.storyboard */ = {
			isa = PBXVariantGroup;
			children = (
				5B785B841B3C422F00DE6B0B /* Base */,
			);
			name = Main.storyboard;
			sourceTree = "<group>";
		};
		5B785B881B3C422F00DE6B0B /* LaunchScreen.xib */ = {
			isa = PBXVariantGroup;
			children = (
				5B785B891B3C422F00DE6B0B /* Base */,
			);
			name = LaunchScreen.xib;
			sourceTree = "<group>";
		};
/* End PBXVariantGroup section */

/* Begin XCBuildConfiguration section */
		5B785B971B3C422F00DE6B0B /* Debug */ = {
			isa = XCBuildConfiguration;
			buildSettings = {
				ALWAYS_SEARCH_USER_PATHS = NO;
				CLANG_CXX_LANGUAGE_STANDARD = "gnu++0x";
				CLANG_CXX_LIBRARY = "libc++";
				CLANG_ENABLE_MODULES = YES;
				CLANG_ENABLE_OBJC_ARC = YES;
				CLANG_WARN_BOOL_CONVERSION = YES;
				CLANG_WARN_CONSTANT_CONVERSION = YES;
				CLANG_WARN_DIRECT_OBJC_ISA_USAGE = YES_ERROR;
				CLANG_WARN_EMPTY_BODY = YES;
				CLANG_WARN_ENUM_CONVERSION = YES;
				CLANG_WARN_INT_CONVERSION = YES;
				CLANG_WARN_OBJC_ROOT_CLASS = YES_ERROR;
				CLANG_WARN_UNREACHABLE_CODE = YES;
				CLANG_WARN__DUPLICATE_METHOD_MATCH = YES;
				"CODE_SIGN_IDENTITY[sdk=iphoneos*]" = "iPhone Developer";
				COPY_PHASE_STRIP = NO;
				DEBUG_INFORMATION_FORMAT = "dwarf-with-dsym";
				ENABLE_STRICT_OBJC_MSGSEND = YES;
				GCC_C_LANGUAGE_STANDARD = gnu99;
				GCC_DYNAMIC_NO_PIC = NO;
				GCC_NO_COMMON_BLOCKS = YES;
				GCC_OPTIMIZATION_LEVEL = 0;
				GCC_PREPROCESSOR_DEFINITIONS = (
					"DEBUG=1",
					"$(inherited)",
				);
				GCC_SYMBOLS_PRIVATE_EXTERN = NO;
				GCC_WARN_64_TO_32_BIT_CONVERSION = YES;
				GCC_WARN_ABOUT_RETURN_TYPE = YES_ERROR;
				GCC_WARN_UNDECLARED_SELECTOR = YES;
				GCC_WARN_UNINITIALIZED_AUTOS = YES_AGGRESSIVE;
				GCC_WARN_UNUSED_FUNCTION = YES;
				GCC_WARN_UNUSED_VARIABLE = YES;
				IPHONEOS_DEPLOYMENT_TARGET = 8.3;
				MTL_ENABLE_DEBUG_INFO = YES;
				ONLY_ACTIVE_ARCH = YES;
				SDKROOT = iphoneos;
				SWIFT_OPTIMIZATION_LEVEL = "-Onone";
			};
			name = Debug;
		};
		5B785B981B3C422F00DE6B0B /* Release */ = {
			isa = XCBuildConfiguration;
			buildSettings = {
				ALWAYS_SEARCH_USER_PATHS = NO;
				CLANG_CXX_LANGUAGE_STANDARD = "gnu++0x";
				CLANG_CXX_LIBRARY = "libc++";
				CLANG_ENABLE_MODULES = YES;
				CLANG_ENABLE_OBJC_ARC = YES;
				CLANG_WARN_BOOL_CONVERSION = YES;
				CLANG_WARN_CONSTANT_CONVERSION = YES;
				CLANG_WARN_DIRECT_OBJC_ISA_USAGE = YES_ERROR;
				CLANG_WARN_EMPTY_BODY = YES;
				CLANG_WARN_ENUM_CONVERSION = YES;
				CLANG_WARN_INT_CONVERSION = YES;
				CLANG_WARN_OBJC_ROOT_CLASS = YES_ERROR;
				CLANG_WARN_UNREACHABLE_CODE = YES;
				CLANG_WARN__DUPLICATE_METHOD_MATCH = YES;
				"CODE_SIGN_IDENTITY[sdk=iphoneos*]" = "iPhone Developer";
				COPY_PHASE_STRIP = NO;
				DEBUG_INFORMATION_FORMAT = "dwarf-with-dsym";
				ENABLE_NS_ASSERTIONS = NO;
				ENABLE_STRICT_OBJC_MSGSEND = YES;
				GCC_C_LANGUAGE_STANDARD = gnu99;
				GCC_NO_COMMON_BLOCKS = YES;
				GCC_WARN_64_TO_32_BIT_CONVERSION = YES;
				GCC_WARN_ABOUT_RETURN_TYPE = YES_ERROR;
				GCC_WARN_UNDECLARED_SELECTOR = YES;
				GCC_WARN_UNINITIALIZED_AUTOS = YES_AGGRESSIVE;
				GCC_WARN_UNUSED_FUNCTION = YES;
				GCC_WARN_UNUSED_VARIABLE = YES;
				IPHONEOS_DEPLOYMENT_TARGET = 8.3;
				MTL_ENABLE_DEBUG_INFO = NO;
				SDKROOT = iphoneos;
				VALIDATE_PRODUCT = YES;
			};
			name = Release;
		};
		5B785B9A1B3C422F00DE6B0B /* Debug */ = {
			isa = XCBuildConfiguration;
			buildSettings = {
				ASSETCATALOG_COMPILER_APPICON_NAME = AppIcon;
				INFOPLIST_FILE = Mask/Info.plist;
				LD_RUNPATH_SEARCH_PATHS = "$(inherited) @executable_path/Frameworks";
				PRODUCT_NAME = "$(TARGET_NAME)";
			};
			name = Debug;
		};
		5B785B9B1B3C422F00DE6B0B /* Release */ = {
			isa = XCBuildConfiguration;
			buildSettings = {
				ASSETCATALOG_COMPILER_APPICON_NAME = AppIcon;
				INFOPLIST_FILE = Mask/Info.plist;
				LD_RUNPATH_SEARCH_PATHS = "$(inherited) @executable_path/Frameworks";
				PRODUCT_NAME = "$(TARGET_NAME)";
			};
			name = Release;
		};
		5B785B9D1B3C422F00DE6B0B /* Debug */ = {
			isa = XCBuildConfiguration;
			buildSettings = {
				BUNDLE_LOADER = "$(TEST_HOST)";
				FRAMEWORK_SEARCH_PATHS = (
					"$(SDKROOT)/Developer/Library/Frameworks",
					"$(inherited)",
				);
				GCC_PREPROCESSOR_DEFINITIONS = (
					"DEBUG=1",
					"$(inherited)",
				);
				INFOPLIST_FILE = MaskTests/Info.plist;
				LD_RUNPATH_SEARCH_PATHS = "$(inherited) @executable_path/Frameworks @loader_path/Frameworks";
				PRODUCT_NAME = "$(TARGET_NAME)";
				TEST_HOST = "$(BUILT_PRODUCTS_DIR)/Mask.app/Mask";
			};
			name = Debug;
		};
		5B785B9E1B3C422F00DE6B0B /* Release */ = {
			isa = XCBuildConfiguration;
			buildSettings = {
				BUNDLE_LOADER = "$(TEST_HOST)";
				FRAMEWORK_SEARCH_PATHS = (
					"$(SDKROOT)/Developer/Library/Frameworks",
					"$(inherited)",
				);
				INFOPLIST_FILE = MaskTests/Info.plist;
				LD_RUNPATH_SEARCH_PATHS = "$(inherited) @executable_path/Frameworks @loader_path/Frameworks";
				PRODUCT_NAME = "$(TARGET_NAME)";
				TEST_HOST = "$(BUILT_PRODUCTS_DIR)/Mask.app/Mask";
			};
			name = Release;
		};
/* End XCBuildConfiguration section */

/* Begin XCConfigurationList section */
		5B785B751B3C422F00DE6B0B /* Build configuration list for PBXProject "Mask" */ = {
			isa = XCConfigurationList;
			buildConfigurations = (
				5B785B971B3C422F00DE6B0B /* Debug */,
				5B785B981B3C422F00DE6B0B /* Release */,
			);
			defaultConfigurationIsVisible = 0;
			defaultConfigurationName = Release;
		};
		5B785B991B3C422F00DE6B0B /* Build configuration list for PBXNativeTarget "Mask" */ = {
			isa = XCConfigurationList;
			buildConfigurations = (
				5B785B9A1B3C422F00DE6B0B /* Debug */,
				5B785B9B1B3C422F00DE6B0B /* Release */,
			);
			defaultConfigurationIsVisible = 0;
		};
		5B785B9C1B3C422F00DE6B0B /* Build configuration list for PBXNativeTarget "MaskTests" */ = {
			isa = XCConfigurationList;
			buildConfigurations = (
				5B785B9D1B3C422F00DE6B0B /* Debug */,
				5B785B9E1B3C422F00DE6B0B /* Release */,
			);
			defaultConfigurationIsVisible = 0;
		};
/* End XCConfigurationList section */
	};
	rootObject = 5B785B721B3C422F00DE6B0B /* Project object */;
}
