// !$*UTF8*$!
{
	archiveVersion = 1;
	classes = {
	};
	objectVersion = 46;
	objects = {

/* Begin PBXBuildFile section */
		5BFBEB1E1AFA62A800974F3E /* AppDelegate.swift in Sources */ = {isa = PBXBuildFile; fileRef = 5BFBEB1D1AFA62A800974F3E /* AppDelegate.swift */; };
		5BFBEB231AFA62A800974F3E /* Main.storyboard in Resources */ = {isa = PBXBuildFile; fileRef = 5BFBEB211AFA62A800974F3E /* Main.storyboard */; };
		5BFBEB251AFA62A800974F3E /* Images.xcassets in Resources */ = {isa = PBXBuildFile; fileRef = 5BFBEB241AFA62A800974F3E /* Images.xcassets */; };
		5BFBEB281AFA62A800974F3E /* LaunchScreen.xib in Resources */ = {isa = PBXBuildFile; fileRef = 5BFBEB261AFA62A800974F3E /* LaunchScreen.xib */; };
		5BFBEB341AFA62A800974F3E /* CompendiumTests.swift in Sources */ = {isa = PBXBuildFile; fileRef = 5BFBEB331AFA62A800974F3E /* CompendiumTests.swift */; };
		5BFBEB3E1AFA659100974F3E /* TableViewController.swift in Sources */ = {isa = PBXBuildFile; fileRef = 5BFBEB3D1AFA659100974F3E /* TableViewController.swift */; };
/* End PBXBuildFile section */

/* Begin PBXContainerItemProxy section */
		5BFBEB2E1AFA62A800974F3E /* PBXContainerItemProxy */ = {
			isa = PBXContainerItemProxy;
			containerPortal = 5BFBEB101AFA62A800974F3E /* Project object */;
			proxyType = 1;
			remoteGlobalIDString = 5BFBEB171AFA62A800974F3E;
			remoteInfo = Compendium;
		};
/* End PBXContainerItemProxy section */

/* Begin PBXFileReference section */
		5BFBEB181AFA62A800974F3E /* Compendium.app */ = {isa = PBXFileReference; explicitFileType = wrapper.application; includeInIndex = 0; path = Compendium.app; sourceTree = BUILT_PRODUCTS_DIR; };
		5BFBEB1C1AFA62A800974F3E /* Info.plist */ = {isa = PBXFileReference; lastKnownFileType = text.plist.xml; path = Info.plist; sourceTree = "<group>"; };
		5BFBEB1D1AFA62A800974F3E /* AppDelegate.swift */ = {isa = PBXFileReference; lastKnownFileType = sourcecode.swift; path = AppDelegate.swift; sourceTree = "<group>"; };
		5BFBEB221AFA62A800974F3E /* Base */ = {isa = PBXFileReference; lastKnownFileType = file.storyboard; name = Base; path = Base.lproj/Main.storyboard; sourceTree = "<group>"; };
		5BFBEB241AFA62A800974F3E /* Images.xcassets */ = {isa = PBXFileReference; lastKnownFileType = folder.assetcatalog; path = Images.xcassets; sourceTree = "<group>"; };
		5BFBEB271AFA62A800974F3E /* Base */ = {isa = PBXFileReference; lastKnownFileType = file.xib; name = Base; path = Base.lproj/LaunchScreen.xib; sourceTree = "<group>"; };
		5BFBEB2D1AFA62A800974F3E /* CompendiumTests.xctest */ = {isa = PBXFileReference; explicitFileType = wrapper.cfbundle; includeInIndex = 0; path = CompendiumTests.xctest; sourceTree = BUILT_PRODUCTS_DIR; };
		5BFBEB321AFA62A800974F3E /* Info.plist */ = {isa = PBXFileReference; lastKnownFileType = text.plist.xml; path = Info.plist; sourceTree = "<group>"; };
		5BFBEB331AFA62A800974F3E /* CompendiumTests.swift */ = {isa = PBXFileReference; lastKnownFileType = sourcecode.swift; path = CompendiumTests.swift; sourceTree = "<group>"; };
		5BFBEB3D1AFA659100974F3E /* TableViewController.swift */ = {isa = PBXFileReference; fileEncoding = 4; lastKnownFileType = sourcecode.swift; path = TableViewController.swift; sourceTree = "<group>"; };
/* End PBXFileReference section */

/* Begin PBXFrameworksBuildPhase section */
		5BFBEB151AFA62A800974F3E /* Frameworks */ = {
			isa = PBXFrameworksBuildPhase;
			buildActionMask = 2147483647;
			files = (
			);
			runOnlyForDeploymentPostprocessing = 0;
		};
		5BFBEB2A1AFA62A800974F3E /* Frameworks */ = {
			isa = PBXFrameworksBuildPhase;
			buildActionMask = 2147483647;
			files = (
			);
			runOnlyForDeploymentPostprocessing = 0;
		};
/* End PBXFrameworksBuildPhase section */

/* Begin PBXGroup section */
		5BFBEB0F1AFA62A800974F3E = {
			isa = PBXGroup;
			children = (
				5BFBEB1A1AFA62A800974F3E /* Compendium */,
				5BFBEB301AFA62A800974F3E /* CompendiumTests */,
				5BFBEB191AFA62A800974F3E /* Products */,
			);
			sourceTree = "<group>";
		};
		5BFBEB191AFA62A800974F3E /* Products */ = {
			isa = PBXGroup;
			children = (
				5BFBEB181AFA62A800974F3E /* Compendium.app */,
				5BFBEB2D1AFA62A800974F3E /* CompendiumTests.xctest */,
			);
			name = Products;
			sourceTree = "<group>";
		};
		5BFBEB1A1AFA62A800974F3E /* Compendium */ = {
			isa = PBXGroup;
			children = (
				5BFBEB1D1AFA62A800974F3E /* AppDelegate.swift */,
				5BFBEB211AFA62A800974F3E /* Main.storyboard */,
				5BFBEB241AFA62A800974F3E /* Images.xcassets */,
				5BFBEB261AFA62A800974F3E /* LaunchScreen.xib */,
				5BFBEB3D1AFA659100974F3E /* TableViewController.swift */,
				5BFBEB1B1AFA62A800974F3E /* Supporting Files */,
			);
			path = Compendium;
			sourceTree = "<group>";
		};
		5BFBEB1B1AFA62A800974F3E /* Supporting Files */ = {
			isa = PBXGroup;
			children = (
				5BFBEB1C1AFA62A800974F3E /* Info.plist */,
			);
			name = "Supporting Files";
			sourceTree = "<group>";
		};
		5BFBEB301AFA62A800974F3E /* CompendiumTests */ = {
			isa = PBXGroup;
			children = (
				5BFBEB331AFA62A800974F3E /* CompendiumTests.swift */,
				5BFBEB311AFA62A800974F3E /* Supporting Files */,
			);
			path = CompendiumTests;
			sourceTree = "<group>";
		};
		5BFBEB311AFA62A800974F3E /* Supporting Files */ = {
			isa = PBXGroup;
			children = (
				5BFBEB321AFA62A800974F3E /* Info.plist */,
			);
			name = "Supporting Files";
			sourceTree = "<group>";
		};
/* End PBXGroup section */

/* Begin PBXNativeTarget section */
		5BFBEB171AFA62A800974F3E /* Compendium */ = {
			isa = PBXNativeTarget;
			buildConfigurationList = 5BFBEB371AFA62A800974F3E /* Build configuration list for PBXNativeTarget "Compendium" */;
			buildPhases = (
				5BFBEB141AFA62A800974F3E /* Sources */,
				5BFBEB151AFA62A800974F3E /* Frameworks */,
				5BFBEB161AFA62A800974F3E /* Resources */,
			);
			buildRules = (
			);
			dependencies = (
			);
			name = Compendium;
			productName = Compendium;
			productReference = 5BFBEB181AFA62A800974F3E /* Compendium.app */;
			productType = "com.apple.product-type.application";
		};
		5BFBEB2C1AFA62A800974F3E /* CompendiumTests */ = {
			isa = PBXNativeTarget;
			buildConfigurationList = 5BFBEB3A1AFA62A800974F3E /* Build configuration list for PBXNativeTarget "CompendiumTests" */;
			buildPhases = (
				5BFBEB291AFA62A800974F3E /* Sources */,
				5BFBEB2A1AFA62A800974F3E /* Frameworks */,
				5BFBEB2B1AFA62A800974F3E /* Resources */,
			);
			buildRules = (
			);
			dependencies = (
				5BFBEB2F1AFA62A800974F3E /* PBXTargetDependency */,
			);
			name = CompendiumTests;
			productName = CompendiumTests;
			productReference = 5BFBEB2D1AFA62A800974F3E /* CompendiumTests.xctest */;
			productType = "com.apple.product-type.bundle.unit-test";
		};
/* End PBXNativeTarget section */

/* Begin PBXProject section */
		5BFBEB101AFA62A800974F3E /* Project object */ = {
			isa = PBXProject;
			attributes = {
				LastUpgradeCheck = 0630;
				ORGANIZATIONNAME = "Reed Carson";
				TargetAttributes = {
					5BFBEB171AFA62A800974F3E = {
						CreatedOnToolsVersion = 6.3.1;
					};
					5BFBEB2C1AFA62A800974F3E = {
						CreatedOnToolsVersion = 6.3.1;
						TestTargetID = 5BFBEB171AFA62A800974F3E;
					};
				};
			};
			buildConfigurationList = 5BFBEB131AFA62A800974F3E /* Build configuration list for PBXProject "Compendium" */;
			compatibilityVersion = "Xcode 3.2";
			developmentRegion = English;
			hasScannedForEncodings = 0;
			knownRegions = (
				en,
				Base,
			);
			mainGroup = 5BFBEB0F1AFA62A800974F3E;
			productRefGroup = 5BFBEB191AFA62A800974F3E /* Products */;
			projectDirPath = "";
			projectRoot = "";
			targets = (
				5BFBEB171AFA62A800974F3E /* Compendium */,
				5BFBEB2C1AFA62A800974F3E /* CompendiumTests */,
			);
		};
/* End PBXProject section */

/* Begin PBXResourcesBuildPhase section */
		5BFBEB161AFA62A800974F3E /* Resources */ = {
			isa = PBXResourcesBuildPhase;
			buildActionMask = 2147483647;
			files = (
				5BFBEB231AFA62A800974F3E /* Main.storyboard in Resources */,
				5BFBEB281AFA62A800974F3E /* LaunchScreen.xib in Resources */,
				5BFBEB251AFA62A800974F3E /* Images.xcassets in Resources */,
			);
			runOnlyForDeploymentPostprocessing = 0;
		};
		5BFBEB2B1AFA62A800974F3E /* Resources */ = {
			isa = PBXResourcesBuildPhase;
			buildActionMask = 2147483647;
			files = (
			);
			runOnlyForDeploymentPostprocessing = 0;
		};
/* End PBXResourcesBuildPhase section */

/* Begin PBXSourcesBuildPhase section */
		5BFBEB141AFA62A800974F3E /* Sources */ = {
			isa = PBXSourcesBuildPhase;
			buildActionMask = 2147483647;
			files = (
				5BFBEB1E1AFA62A800974F3E /* AppDelegate.swift in Sources */,
				5BFBEB3E1AFA659100974F3E /* TableViewController.swift in Sources */,
			);
			runOnlyForDeploymentPostprocessing = 0;
		};
		5BFBEB291AFA62A800974F3E /* Sources */ = {
			isa = PBXSourcesBuildPhase;
			buildActionMask = 2147483647;
			files = (
				5BFBEB341AFA62A800974F3E /* CompendiumTests.swift in Sources */,
			);
			runOnlyForDeploymentPostprocessing = 0;
		};
/* End PBXSourcesBuildPhase section */

/* Begin PBXTargetDependency section */
		5BFBEB2F1AFA62A800974F3E /* PBXTargetDependency */ = {
			isa = PBXTargetDependency;
			target = 5BFBEB171AFA62A800974F3E /* Compendium */;
			targetProxy = 5BFBEB2E1AFA62A800974F3E /* PBXContainerItemProxy */;
		};
/* End PBXTargetDependency section */

/* Begin PBXVariantGroup section */
		5BFBEB211AFA62A800974F3E /* Main.storyboard */ = {
			isa = PBXVariantGroup;
			children = (
				5BFBEB221AFA62A800974F3E /* Base */,
			);
			name = Main.storyboard;
			sourceTree = "<group>";
		};
		5BFBEB261AFA62A800974F3E /* LaunchScreen.xib */ = {
			isa = PBXVariantGroup;
			children = (
				5BFBEB271AFA62A800974F3E /* Base */,
			);
			name = LaunchScreen.xib;
			sourceTree = "<group>";
		};
/* End PBXVariantGroup section */

/* Begin XCBuildConfiguration section */
		5BFBEB351AFA62A800974F3E /* Debug */ = {
			isa = XCBuildConfiguration;
			buildSettings = {
				ALWAYS_SEARCH_USER_PATHS = NO;
				CLANG_CXX_LANGUAGE_STANDARD = "gnu++0x";
				CLANG_CXX_LIBRARY = "libc++";
				CLANG_ENABLE_MODULES = YES;
				CLANG_ENABLE_OBJC_ARC = YES;
				CLANG_WARN_BOOL_CONVERSION = YES;
				CLANG_WARN_CONSTANT_CONVERSION = YES;
				CLANG_WARN_DIRECT_OBJC_ISA_USAGE = YES_ERROR;
				CLANG_WARN_EMPTY_BODY = YES;
				CLANG_WARN_ENUM_CONVERSION = YES;
				CLANG_WARN_INT_CONVERSION = YES;
				CLANG_WARN_OBJC_ROOT_CLASS = YES_ERROR;
				CLANG_WARN_UNREACHABLE_CODE = YES;
				CLANG_WARN__DUPLICATE_METHOD_MATCH = YES;
				"CODE_SIGN_IDENTITY[sdk=iphoneos*]" = "iPhone Developer";
				COPY_PHASE_STRIP = NO;
				DEBUG_INFORMATION_FORMAT = "dwarf-with-dsym";
				ENABLE_STRICT_OBJC_MSGSEND = YES;
				GCC_C_LANGUAGE_STANDARD = gnu99;
				GCC_DYNAMIC_NO_PIC = NO;
				GCC_NO_COMMON_BLOCKS = YES;
				GCC_OPTIMIZATION_LEVEL = 0;
				GCC_PREPROCESSOR_DEFINITIONS = (
					"DEBUG=1",
					"$(inherited)",
				);
				GCC_SYMBOLS_PRIVATE_EXTERN = NO;
				GCC_WARN_64_TO_32_BIT_CONVERSION = YES;
				GCC_WARN_ABOUT_RETURN_TYPE = YES_ERROR;
				GCC_WARN_UNDECLARED_SELECTOR = YES;
				GCC_WARN_UNINITIALIZED_AUTOS = YES_AGGRESSIVE;
				GCC_WARN_UNUSED_FUNCTION = YES;
				GCC_WARN_UNUSED_VARIABLE = YES;
				IPHONEOS_DEPLOYMENT_TARGET = 8.3;
				MTL_ENABLE_DEBUG_INFO = YES;
				ONLY_ACTIVE_ARCH = YES;
				SDKROOT = iphoneos;
				SWIFT_OPTIMIZATION_LEVEL = "-Onone";
			};
			name = Debug;
		};
		5BFBEB361AFA62A800974F3E /* Release */ = {
			isa = XCBuildConfiguration;
			buildSettings = {
				ALWAYS_SEARCH_USER_PATHS = NO;
				CLANG_CXX_LANGUAGE_STANDARD = "gnu++0x";
				CLANG_CXX_LIBRARY = "libc++";
				CLANG_ENABLE_MODULES = YES;
				CLANG_ENABLE_OBJC_ARC = YES;
				CLANG_WARN_BOOL_CONVERSION = YES;
				CLANG_WARN_CONSTANT_CONVERSION = YES;
				CLANG_WARN_DIRECT_OBJC_ISA_USAGE = YES_ERROR;
				CLANG_WARN_EMPTY_BODY = YES;
				CLANG_WARN_ENUM_CONVERSION = YES;
				CLANG_WARN_INT_CONVERSION = YES;
				CLANG_WARN_OBJC_ROOT_CLASS = YES_ERROR;
				CLANG_WARN_UNREACHABLE_CODE = YES;
				CLANG_WARN__DUPLICATE_METHOD_MATCH = YES;
				"CODE_SIGN_IDENTITY[sdk=iphoneos*]" = "iPhone Developer";
				COPY_PHASE_STRIP = NO;
				DEBUG_INFORMATION_FORMAT = "dwarf-with-dsym";
				ENABLE_NS_ASSERTIONS = NO;
				ENABLE_STRICT_OBJC_MSGSEND = YES;
				GCC_C_LANGUAGE_STANDARD = gnu99;
				GCC_NO_COMMON_BLOCKS = YES;
				GCC_WARN_64_TO_32_BIT_CONVERSION = YES;
				GCC_WARN_ABOUT_RETURN_TYPE = YES_ERROR;
				GCC_WARN_UNDECLARED_SELECTOR = YES;
				GCC_WARN_UNINITIALIZED_AUTOS = YES_AGGRESSIVE;
				GCC_WARN_UNUSED_FUNCTION = YES;
				GCC_WARN_UNUSED_VARIABLE = YES;
				IPHONEOS_DEPLOYMENT_TARGET = 8.3;
				MTL_ENABLE_DEBUG_INFO = NO;
				SDKROOT = iphoneos;
				VALIDATE_PRODUCT = YES;
			};
			name = Release;
		};
		5BFBEB381AFA62A800974F3E /* Debug */ = {
			isa = XCBuildConfiguration;
			buildSettings = {
				ASSETCATALOG_COMPILER_APPICON_NAME = AppIcon;
				INFOPLIST_FILE = Compendium/Info.plist;
				LD_RUNPATH_SEARCH_PATHS = "$(inherited) @executable_path/Frameworks";
				PRODUCT_NAME = "$(TARGET_NAME)";
			};
			name = Debug;
		};
		5BFBEB391AFA62A800974F3E /* Release */ = {
			isa = XCBuildConfiguration;
			buildSettings = {
				ASSETCATALOG_COMPILER_APPICON_NAME = AppIcon;
				INFOPLIST_FILE = Compendium/Info.plist;
				LD_RUNPATH_SEARCH_PATHS = "$(inherited) @executable_path/Frameworks";
				PRODUCT_NAME = "$(TARGET_NAME)";
			};
			name = Release;
		};
		5BFBEB3B1AFA62A800974F3E /* Debug */ = {
			isa = XCBuildConfiguration;
			buildSettings = {
				BUNDLE_LOADER = "$(TEST_HOST)";
				FRAMEWORK_SEARCH_PATHS = (
					"$(SDKROOT)/Developer/Library/Frameworks",
					"$(inherited)",
				);
				GCC_PREPROCESSOR_DEFINITIONS = (
					"DEBUG=1",
					"$(inherited)",
				);
				INFOPLIST_FILE = CompendiumTests/Info.plist;
				LD_RUNPATH_SEARCH_PATHS = "$(inherited) @executable_path/Frameworks @loader_path/Frameworks";
				PRODUCT_NAME = "$(TARGET_NAME)";
				TEST_HOST = "$(BUILT_PRODUCTS_DIR)/Compendium.app/Compendium";
			};
			name = Debug;
		};
		5BFBEB3C1AFA62A800974F3E /* Release */ = {
			isa = XCBuildConfiguration;
			buildSettings = {
				BUNDLE_LOADER = "$(TEST_HOST)";
				FRAMEWORK_SEARCH_PATHS = (
					"$(SDKROOT)/Developer/Library/Frameworks",
					"$(inherited)",
				);
				INFOPLIST_FILE = CompendiumTests/Info.plist;
				LD_RUNPATH_SEARCH_PATHS = "$(inherited) @executable_path/Frameworks @loader_path/Frameworks";
				PRODUCT_NAME = "$(TARGET_NAME)";
				TEST_HOST = "$(BUILT_PRODUCTS_DIR)/Compendium.app/Compendium";
			};
			name = Release;
		};
/* End XCBuildConfiguration section */

/* Begin XCConfigurationList section */
		5BFBEB131AFA62A800974F3E /* Build configuration list for PBXProject "Compendium" */ = {
			isa = XCConfigurationList;
			buildConfigurations = (
				5BFBEB351AFA62A800974F3E /* Debug */,
				5BFBEB361AFA62A800974F3E /* Release */,
			);
			defaultConfigurationIsVisible = 0;
			defaultConfigurationName = Release;
		};
		5BFBEB371AFA62A800974F3E /* Build configuration list for PBXNativeTarget "Compendium" */ = {
			isa = XCConfigurationList;
			buildConfigurations = (
				5BFBEB381AFA62A800974F3E /* Debug */,
				5BFBEB391AFA62A800974F3E /* Release */,
			);
			defaultConfigurationIsVisible = 0;
		};
		5BFBEB3A1AFA62A800974F3E /* Build configuration list for PBXNativeTarget "CompendiumTests" */ = {
			isa = XCConfigurationList;
			buildConfigurations = (
				5BFBEB3B1AFA62A800974F3E /* Debug */,
				5BFBEB3C1AFA62A800974F3E /* Release */,
			);
			defaultConfigurationIsVisible = 0;
		};
/* End XCConfigurationList section */
	};
	rootObject = 5BFBEB101AFA62A800974F3E /* Project object */;
}
